// !$*UTF8*$!
{
	archiveVersion = 1;
	classes = {
	};
	objectVersion = 46;
	objects = {

/* Begin PBXBuildFile section */
		060BE13B1946A814008FB3C5 /* main.m in Sources */ = {isa = PBXBuildFile; fileRef = 060BE13A1946A814008FB3C5 /* main.m */; };
		060BE13E1946A814008FB3C5 /* NLSAppDelegate.m in Sources */ = {isa = PBXBuildFile; fileRef = 060BE13D1946A814008FB3C5 /* NLSAppDelegate.m */; };
		060BE1711946D8E7008FB3C5 /* Foundation.framework in Frameworks */ = {isa = PBXBuildFile; fileRef = 060BE1701946D8E7008FB3C5 /* Foundation.framework */; };
		060BE1721946D8F4008FB3C5 /* UIKit.framework in Frameworks */ = {isa = PBXBuildFile; fileRef = 060BE16D1946D8C5008FB3C5 /* UIKit.framework */; };
		060BE1731946D8FC008FB3C5 /* SystemConfiguration.framework in Frameworks */ = {isa = PBXBuildFile; fileRef = 060BE1691946D8B3008FB3C5 /* SystemConfiguration.framework */; };
		060BE1741946D904008FB3C5 /* CoreGraphics.framework in Frameworks */ = {isa = PBXBuildFile; fileRef = 060BE16B1946D8BD008FB3C5 /* CoreGraphics.framework */; };
		060BE1791946DAB2008FB3C5 /* Default-568h@2x.png in Resources */ = {isa = PBXBuildFile; fileRef = 060BE1761946DAB2008FB3C5 /* Default-568h@2x.png */; };
		060BE17A1946DAB2008FB3C5 /* Default.png in Resources */ = {isa = PBXBuildFile; fileRef = 060BE1771946DAB2008FB3C5 /* Default.png */; };
		060BE17B1946DAB2008FB3C5 /* Default@2x.png in Resources */ = {isa = PBXBuildFile; fileRef = 060BE1781946DAB2008FB3C5 /* Default@2x.png */; };
		0629AE98195B42BB000D2FE0 /* NLSGeometry.m in Sources */ = {isa = PBXBuildFile; fileRef = 0629AE97195B42BB000D2FE0 /* NLSGeometry.m */; };
		0629AE9B195B42F7000D2FE0 /* NLSNSStringExtras.m in Sources */ = {isa = PBXBuildFile; fileRef = 0629AE9A195B42F7000D2FE0 /* NLSNSStringExtras.m */; };
		0629AE9F195B4464000D2FE0 /* NLSBillComposeViewController.m in Sources */ = {isa = PBXBuildFile; fileRef = 0629AE9E195B4464000D2FE0 /* NLSBillComposeViewController.m */; };
		0629AEA2195B4493000D2FE0 /* NLSStatusViewController.m in Sources */ = {isa = PBXBuildFile; fileRef = 0629AEA1195B4493000D2FE0 /* NLSStatusViewController.m */; };
		0629AEA7195B4546000D2FE0 /* NLSButton.m in Sources */ = {isa = PBXBuildFile; fileRef = 0629AEA6195B4546000D2FE0 /* NLSButton.m */; };
		06C6FAC81946E10700A4D4B9 /* NLSFoundationExtras.m in Sources */ = {isa = PBXBuildFile; fileRef = 06C6FAC71946E10700A4D4B9 /* NLSFoundationExtras.m */; };
		06D952D4195902DE00EF30F2 /* Icon-60@2x.png in Resources */ = {isa = PBXBuildFile; fileRef = 06D952C7195902DE00EF30F2 /* Icon-60@2x.png */; };
		06D952D5195902DE00EF30F2 /* Icon-72.png in Resources */ = {isa = PBXBuildFile; fileRef = 06D952C8195902DE00EF30F2 /* Icon-72.png */; };
		06D952D6195902DE00EF30F2 /* Icon-72@2x.png in Resources */ = {isa = PBXBuildFile; fileRef = 06D952C9195902DE00EF30F2 /* Icon-72@2x.png */; };
		06D952D7195902DE00EF30F2 /* Icon-76.png in Resources */ = {isa = PBXBuildFile; fileRef = 06D952CA195902DE00EF30F2 /* Icon-76.png */; };
		06D952D8195902DE00EF30F2 /* Icon-76@2x.png in Resources */ = {isa = PBXBuildFile; fileRef = 06D952CB195902DE00EF30F2 /* Icon-76@2x.png */; };
		06D952D9195902DE00EF30F2 /* Icon-Small-40.png in Resources */ = {isa = PBXBuildFile; fileRef = 06D952CC195902DE00EF30F2 /* Icon-Small-40.png */; };
		06D952DA195902DE00EF30F2 /* Icon-Small-40@2x.png in Resources */ = {isa = PBXBuildFile; fileRef = 06D952CD195902DE00EF30F2 /* Icon-Small-40@2x.png */; };
		06D952DB195902DE00EF30F2 /* Icon-Small-50.png in Resources */ = {isa = PBXBuildFile; fileRef = 06D952CE195902DE00EF30F2 /* Icon-Small-50.png */; };
		06D952DC195902DE00EF30F2 /* Icon-Small-50@2x.png in Resources */ = {isa = PBXBuildFile; fileRef = 06D952CF195902DE00EF30F2 /* Icon-Small-50@2x.png */; };
		06D952DD195902DE00EF30F2 /* Icon-Small.png in Resources */ = {isa = PBXBuildFile; fileRef = 06D952D0195902DE00EF30F2 /* Icon-Small.png */; };
		06D952DE195902DE00EF30F2 /* Icon-Small@2x.png in Resources */ = {isa = PBXBuildFile; fileRef = 06D952D1195902DE00EF30F2 /* Icon-Small@2x.png */; };
		06D952DF195902DE00EF30F2 /* Icon.png in Resources */ = {isa = PBXBuildFile; fileRef = 06D952D2195902DE00EF30F2 /* Icon.png */; };
		06D952E0195902DE00EF30F2 /* Icon@2x.png in Resources */ = {isa = PBXBuildFile; fileRef = 06D952D3195902DE00EF30F2 /* Icon@2x.png */; };
		06D952E31959051000EF30F2 /* green-button@2x.png in Resources */ = {isa = PBXBuildFile; fileRef = 06D952E21959051000EF30F2 /* green-button@2x.png */; };
		06D952E6195949BD00EF30F2 /* NLSLoginViewController.m in Sources */ = {isa = PBXBuildFile; fileRef = 06D952E5195949BD00EF30F2 /* NLSLoginViewController.m */; };
		1837A0BED5AA455FAD84A454 /* libPods.a in Frameworks */ = {isa = PBXBuildFile; fileRef = 717001B3460B4D02A20E2852 /* libPods.a */; };
/* End PBXBuildFile section */

/* Begin PBXFileReference section */
		060BE1351946A814008FB3C5 /* Slyce.app */ = {isa = PBXFileReference; explicitFileType = wrapper.application; includeInIndex = 0; path = Slyce.app; sourceTree = BUILT_PRODUCTS_DIR; };
		060BE1391946A814008FB3C5 /* App-Info.plist */ = {isa = PBXFileReference; lastKnownFileType = text.plist.xml; path = "App-Info.plist"; sourceTree = "<group>"; };
		060BE13A1946A814008FB3C5 /* main.m */ = {isa = PBXFileReference; lastKnownFileType = sourcecode.c.objc; name = main.m; path = ../Source/main.m; sourceTree = "<group>"; };
		060BE13C1946A814008FB3C5 /* NLSAppDelegate.h */ = {isa = PBXFileReference; lastKnownFileType = sourcecode.c.h; name = NLSAppDelegate.h; path = ../Source/NLSAppDelegate.h; sourceTree = "<group>"; };
		060BE13D1946A814008FB3C5 /* NLSAppDelegate.m */ = {isa = PBXFileReference; lastKnownFileType = sourcecode.c.objc; name = NLSAppDelegate.m; path = ../Source/NLSAppDelegate.m; sourceTree = "<group>"; };
		060BE1651946D77E008FB3C5 /* App-Prefix.pch */ = {isa = PBXFileReference; lastKnownFileType = sourcecode.c.h; path = "App-Prefix.pch"; sourceTree = "<group>"; };
		060BE1661946D79C008FB3C5 /* Base.xcconfig */ = {isa = PBXFileReference; lastKnownFileType = text.xcconfig; path = Base.xcconfig; sourceTree = "<group>"; };
		060BE1671946D79C008FB3C5 /* Debug.xcconfig */ = {isa = PBXFileReference; lastKnownFileType = text.xcconfig; path = Debug.xcconfig; sourceTree = "<group>"; };
		060BE1681946D79C008FB3C5 /* Release.xcconfig */ = {isa = PBXFileReference; lastKnownFileType = text.xcconfig; path = Release.xcconfig; sourceTree = "<group>"; };
		060BE1691946D8B3008FB3C5 /* SystemConfiguration.framework */ = {isa = PBXFileReference; lastKnownFileType = wrapper.framework; name = SystemConfiguration.framework; path = System/Library/Frameworks/SystemConfiguration.framework; sourceTree = SDKROOT; };
		060BE16B1946D8BD008FB3C5 /* CoreGraphics.framework */ = {isa = PBXFileReference; lastKnownFileType = wrapper.framework; name = CoreGraphics.framework; path = System/Library/Frameworks/CoreGraphics.framework; sourceTree = SDKROOT; };
		060BE16D1946D8C5008FB3C5 /* UIKit.framework */ = {isa = PBXFileReference; lastKnownFileType = wrapper.framework; name = UIKit.framework; path = System/Library/Frameworks/UIKit.framework; sourceTree = SDKROOT; };
		060BE1701946D8E7008FB3C5 /* Foundation.framework */ = {isa = PBXFileReference; lastKnownFileType = wrapper.framework; name = Foundation.framework; path = System/Library/Frameworks/Foundation.framework; sourceTree = SDKROOT; };
		060BE1761946DAB2008FB3C5 /* Default-568h@2x.png */ = {isa = PBXFileReference; lastKnownFileType = image.png; name = "Default-568h@2x.png"; path = "Resources/Default-568h@2x.png"; sourceTree = "<group>"; };
		060BE1771946DAB2008FB3C5 /* Default.png */ = {isa = PBXFileReference; lastKnownFileType = image.png; name = Default.png; path = Resources/Default.png; sourceTree = "<group>"; };
		060BE1781946DAB2008FB3C5 /* Default@2x.png */ = {isa = PBXFileReference; lastKnownFileType = image.png; name = "Default@2x.png"; path = "Resources/Default@2x.png"; sourceTree = "<group>"; };
		0629AE96195B42BB000D2FE0 /* NLSGeometry.h */ = {isa = PBXFileReference; fileEncoding = 4; lastKnownFileType = sourcecode.c.h; name = NLSGeometry.h; path = Source/NLSGeometry.h; sourceTree = SOURCE_ROOT; };
		0629AE97195B42BB000D2FE0 /* NLSGeometry.m */ = {isa = PBXFileReference; fileEncoding = 4; lastKnownFileType = sourcecode.c.objc; name = NLSGeometry.m; path = Source/NLSGeometry.m; sourceTree = SOURCE_ROOT; };
		0629AE99195B42F7000D2FE0 /* NLSNSStringExtras.h */ = {isa = PBXFileReference; fileEncoding = 4; lastKnownFileType = sourcecode.c.h; name = NLSNSStringExtras.h; path = Source/NLSNSStringExtras.h; sourceTree = SOURCE_ROOT; };
		0629AE9A195B42F7000D2FE0 /* NLSNSStringExtras.m */ = {isa = PBXFileReference; fileEncoding = 4; lastKnownFileType = sourcecode.c.objc; name = NLSNSStringExtras.m; path = Source/NLSNSStringExtras.m; sourceTree = SOURCE_ROOT; };
		0629AE9D195B4464000D2FE0 /* NLSBillComposeViewController.h */ = {isa = PBXFileReference; fileEncoding = 4; lastKnownFileType = sourcecode.c.h; name = NLSBillComposeViewController.h; path = Source/NLSBillComposeViewController.h; sourceTree = SOURCE_ROOT; };
		0629AE9E195B4464000D2FE0 /* NLSBillComposeViewController.m */ = {isa = PBXFileReference; fileEncoding = 4; lastKnownFileType = sourcecode.c.objc; name = NLSBillComposeViewController.m; path = Source/NLSBillComposeViewController.m; sourceTree = SOURCE_ROOT; };
		0629AEA0195B4493000D2FE0 /* NLSStatusViewController.h */ = {isa = PBXFileReference; fileEncoding = 4; lastKnownFileType = sourcecode.c.h; name = NLSStatusViewController.h; path = Source/NLSStatusViewController.h; sourceTree = SOURCE_ROOT; };
		0629AEA1195B4493000D2FE0 /* NLSStatusViewController.m */ = {isa = PBXFileReference; fileEncoding = 4; lastKnownFileType = sourcecode.c.objc; name = NLSStatusViewController.m; path = Source/NLSStatusViewController.m; sourceTree = SOURCE_ROOT; };
		0629AEA5195B4546000D2FE0 /* NLSButton.h */ = {isa = PBXFileReference; fileEncoding = 4; lastKnownFileType = sourcecode.c.h; name = NLSButton.h; path = Source/NLSButton.h; sourceTree = SOURCE_ROOT; };
		0629AEA6195B4546000D2FE0 /* NLSButton.m */ = {isa = PBXFileReference; fileEncoding = 4; lastKnownFileType = sourcecode.c.objc; name = NLSButton.m; path = Source/NLSButton.m; sourceTree = SOURCE_ROOT; };
		06C6FAC61946E10700A4D4B9 /* NLSFoundationExtras.h */ = {isa = PBXFileReference; fileEncoding = 4; lastKnownFileType = sourcecode.c.h; name = NLSFoundationExtras.h; path = Source/NLSFoundationExtras.h; sourceTree = SOURCE_ROOT; };
		06C6FAC71946E10700A4D4B9 /* NLSFoundationExtras.m */ = {isa = PBXFileReference; fileEncoding = 4; lastKnownFileType = sourcecode.c.objc; name = NLSFoundationExtras.m; path = Source/NLSFoundationExtras.m; sourceTree = SOURCE_ROOT; };
		06D952C7195902DE00EF30F2 /* Icon-60@2x.png */ = {isa = PBXFileReference; lastKnownFileType = image.png; name = "Icon-60@2x.png"; path = "Resources/Icon-60@2x.png"; sourceTree = "<group>"; };
		06D952C8195902DE00EF30F2 /* Icon-72.png */ = {isa = PBXFileReference; lastKnownFileType = image.png; name = "Icon-72.png"; path = "Resources/Icon-72.png"; sourceTree = "<group>"; };
		06D952C9195902DE00EF30F2 /* Icon-72@2x.png */ = {isa = PBXFileReference; lastKnownFileType = image.png; name = "Icon-72@2x.png"; path = "Resources/Icon-72@2x.png"; sourceTree = "<group>"; };
		06D952CA195902DE00EF30F2 /* Icon-76.png */ = {isa = PBXFileReference; lastKnownFileType = image.png; name = "Icon-76.png"; path = "Resources/Icon-76.png"; sourceTree = "<group>"; };
		06D952CB195902DE00EF30F2 /* Icon-76@2x.png */ = {isa = PBXFileReference; lastKnownFileType = image.png; name = "Icon-76@2x.png"; path = "Resources/Icon-76@2x.png"; sourceTree = "<group>"; };
		06D952CC195902DE00EF30F2 /* Icon-Small-40.png */ = {isa = PBXFileReference; lastKnownFileType = image.png; name = "Icon-Small-40.png"; path = "Resources/Icon-Small-40.png"; sourceTree = "<group>"; };
		06D952CD195902DE00EF30F2 /* Icon-Small-40@2x.png */ = {isa = PBXFileReference; lastKnownFileType = image.png; name = "Icon-Small-40@2x.png"; path = "Resources/Icon-Small-40@2x.png"; sourceTree = "<group>"; };
		06D952CE195902DE00EF30F2 /* Icon-Small-50.png */ = {isa = PBXFileReference; lastKnownFileType = image.png; name = "Icon-Small-50.png"; path = "Resources/Icon-Small-50.png"; sourceTree = "<group>"; };
		06D952CF195902DE00EF30F2 /* Icon-Small-50@2x.png */ = {isa = PBXFileReference; lastKnownFileType = image.png; name = "Icon-Small-50@2x.png"; path = "Resources/Icon-Small-50@2x.png"; sourceTree = "<group>"; };
		06D952D0195902DE00EF30F2 /* Icon-Small.png */ = {isa = PBXFileReference; lastKnownFileType = image.png; name = "Icon-Small.png"; path = "Resources/Icon-Small.png"; sourceTree = "<group>"; };
		06D952D1195902DE00EF30F2 /* Icon-Small@2x.png */ = {isa = PBXFileReference; lastKnownFileType = image.png; name = "Icon-Small@2x.png"; path = "Resources/Icon-Small@2x.png"; sourceTree = "<group>"; };
		06D952D2195902DE00EF30F2 /* Icon.png */ = {isa = PBXFileReference; lastKnownFileType = image.png; name = Icon.png; path = Resources/Icon.png; sourceTree = "<group>"; };
		06D952D3195902DE00EF30F2 /* Icon@2x.png */ = {isa = PBXFileReference; lastKnownFileType = image.png; name = "Icon@2x.png"; path = "Resources/Icon@2x.png"; sourceTree = "<group>"; };
		06D952E21959051000EF30F2 /* green-button@2x.png */ = {isa = PBXFileReference; lastKnownFileType = image.png; name = "green-button@2x.png"; path = "Resources/Interfaces/green-button@2x.png"; sourceTree = "<group>"; };
		06D952E4195949BD00EF30F2 /* NLSLoginViewController.h */ = {isa = PBXFileReference; fileEncoding = 4; lastKnownFileType = sourcecode.c.h; name = NLSLoginViewController.h; path = Source/NLSLoginViewController.h; sourceTree = SOURCE_ROOT; };
		06D952E5195949BD00EF30F2 /* NLSLoginViewController.m */ = {isa = PBXFileReference; fileEncoding = 4; lastKnownFileType = sourcecode.c.objc; name = NLSLoginViewController.m; path = Source/NLSLoginViewController.m; sourceTree = SOURCE_ROOT; };
		717001B3460B4D02A20E2852 /* libPods.a */ = {isa = PBXFileReference; explicitFileType = archive.ar; includeInIndex = 0; path = libPods.a; sourceTree = BUILT_PRODUCTS_DIR; };
		AF78171D92F14B558CB9B070 /* Pods.xcconfig */ = {isa = PBXFileReference; includeInIndex = 1; lastKnownFileType = text.xcconfig; name = Pods.xcconfig; path = ../Pods/Pods.xcconfig; sourceTree = "<group>"; };
/* End PBXFileReference section */

/* Begin PBXFrameworksBuildPhase section */
		060BE1321946A814008FB3C5 /* Frameworks */ = {
			isa = PBXFrameworksBuildPhase;
			buildActionMask = 2147483647;
			files = (
				060BE1741946D904008FB3C5 /* CoreGraphics.framework in Frameworks */,
				060BE1731946D8FC008FB3C5 /* SystemConfiguration.framework in Frameworks */,
				060BE1721946D8F4008FB3C5 /* UIKit.framework in Frameworks */,
				060BE1711946D8E7008FB3C5 /* Foundation.framework in Frameworks */,
				1837A0BED5AA455FAD84A454 /* libPods.a in Frameworks */,
			);
			runOnlyForDeploymentPostprocessing = 0;
		};
/* End PBXFrameworksBuildPhase section */

/* Begin PBXGroup section */
		060BE12C1946A814008FB3C5 = {
			isa = PBXGroup;
			children = (
				060BE1371946A814008FB3C5 /* App */,
				060BE16F1946D8D3008FB3C5 /* Frameworks */,
				060BE1361946A814008FB3C5 /* Products */,
			);
			sourceTree = "<group>";
		};
		060BE1361946A814008FB3C5 /* Products */ = {
			isa = PBXGroup;
			children = (
				060BE1351946A814008FB3C5 /* Slyce.app */,
			);
			name = Products;
			sourceTree = "<group>";
		};
		060BE1371946A814008FB3C5 /* App */ = {
			isa = PBXGroup;
			children = (
				060BE1631946D443008FB3C5 /* Application */,
				0629AEA3195B44AD000D2FE0 /* Bills */,
				060BE1641946D459008FB3C5 /* Core */,
				06C6FAC51946E0E300A4D4B9 /* Extras */,
				0629AEA4195B44BC000D2FE0 /* Status */,
				060BE1751946DA8B008FB3C5 /* Resources */,
				060BE1381946A814008FB3C5 /* Supporting Files */,
			);
			path = App;
			sourceTree = "<group>";
		};
		060BE1381946A814008FB3C5 /* Supporting Files */ = {
			isa = PBXGroup;
			children = (
				060BE1661946D79C008FB3C5 /* Base.xcconfig */,
				060BE1671946D79C008FB3C5 /* Debug.xcconfig */,
				060BE1681946D79C008FB3C5 /* Release.xcconfig */,
				AF78171D92F14B558CB9B070 /* Pods.xcconfig */,
				060BE1391946A814008FB3C5 /* App-Info.plist */,
				060BE1651946D77E008FB3C5 /* App-Prefix.pch */,
			);
			name = "Supporting Files";
			sourceTree = "<group>";
		};
		060BE1631946D443008FB3C5 /* Application */ = {
			isa = PBXGroup;
			children = (
				060BE13C1946A814008FB3C5 /* NLSAppDelegate.h */,
				060BE13D1946A814008FB3C5 /* NLSAppDelegate.m */,
				060BE13A1946A814008FB3C5 /* main.m */,
			);
			name = Application;
			sourceTree = "<group>";
		};
		060BE1641946D459008FB3C5 /* Core */ = {
			isa = PBXGroup;
			children = (
				0629AE95195B415B000D2FE0 /* Account */,
				0629AEA5195B4546000D2FE0 /* NLSButton.h */,
				0629AEA6195B4546000D2FE0 /* NLSButton.m */,
			);
			name = Core;
			sourceTree = "<group>";
		};
		060BE16F1946D8D3008FB3C5 /* Frameworks */ = {
			isa = PBXGroup;
			children = (
				060BE1701946D8E7008FB3C5 /* Foundation.framework */,
				060BE16D1946D8C5008FB3C5 /* UIKit.framework */,
				060BE16B1946D8BD008FB3C5 /* CoreGraphics.framework */,
				060BE1691946D8B3008FB3C5 /* SystemConfiguration.framework */,
				717001B3460B4D02A20E2852 /* libPods.a */,
			);
			name = Frameworks;
			sourceTree = "<group>";
		};
		060BE1751946DA8B008FB3C5 /* Resources */ = {
			isa = PBXGroup;
			children = (
				06D952E1195904E600EF30F2 /* Interfaces */,
				060BE1761946DAB2008FB3C5 /* Default-568h@2x.png */,
				060BE1771946DAB2008FB3C5 /* Default.png */,
				060BE1781946DAB2008FB3C5 /* Default@2x.png */,
				06D952C7195902DE00EF30F2 /* Icon-60@2x.png */,
				06D952C8195902DE00EF30F2 /* Icon-72.png */,
				06D952C9195902DE00EF30F2 /* Icon-72@2x.png */,
				06D952CA195902DE00EF30F2 /* Icon-76.png */,
				06D952CB195902DE00EF30F2 /* Icon-76@2x.png */,
				06D952CC195902DE00EF30F2 /* Icon-Small-40.png */,
				06D952CD195902DE00EF30F2 /* Icon-Small-40@2x.png */,
				06D952CE195902DE00EF30F2 /* Icon-Small-50.png */,
				06D952CF195902DE00EF30F2 /* Icon-Small-50@2x.png */,
				06D952D0195902DE00EF30F2 /* Icon-Small.png */,
				06D952D1195902DE00EF30F2 /* Icon-Small@2x.png */,
				06D952D2195902DE00EF30F2 /* Icon.png */,
				06D952D3195902DE00EF30F2 /* Icon@2x.png */,
			);
			name = Resources;
			sourceTree = "<group>";
		};
		0629AE95195B415B000D2FE0 /* Account */ = {
			isa = PBXGroup;
			children = (
				06D952E4195949BD00EF30F2 /* NLSLoginViewController.h */,
				06D952E5195949BD00EF30F2 /* NLSLoginViewController.m */,
			);
			name = Account;
			sourceTree = "<group>";
		};
		0629AEA3195B44AD000D2FE0 /* Bills */ = {
			isa = PBXGroup;
			children = (
				0629AE9D195B4464000D2FE0 /* NLSBillComposeViewController.h */,
				0629AE9E195B4464000D2FE0 /* NLSBillComposeViewController.m */,
			);
			name = Bills;
			sourceTree = "<group>";
		};
		0629AEA4195B44BC000D2FE0 /* Status */ = {
			isa = PBXGroup;
			children = (
				0629AEA0195B4493000D2FE0 /* NLSStatusViewController.h */,
				0629AEA1195B4493000D2FE0 /* NLSStatusViewController.m */,
			);
			name = Status;
			sourceTree = "<group>";
		};
		06C6FAC51946E0E300A4D4B9 /* Extras */ = {
			isa = PBXGroup;
			children = (
				06C6FAC61946E10700A4D4B9 /* NLSFoundationExtras.h */,
				06C6FAC71946E10700A4D4B9 /* NLSFoundationExtras.m */,
				0629AE96195B42BB000D2FE0 /* NLSGeometry.h */,
				0629AE97195B42BB000D2FE0 /* NLSGeometry.m */,
				0629AE99195B42F7000D2FE0 /* NLSNSStringExtras.h */,
				0629AE9A195B42F7000D2FE0 /* NLSNSStringExtras.m */,
			);
			name = Extras;
			sourceTree = "<group>";
		};
		06D952E1195904E600EF30F2 /* Interfaces */ = {
			isa = PBXGroup;
			children = (
				06D952E21959051000EF30F2 /* green-button@2x.png */,
			);
			name = Interfaces;
			sourceTree = "<group>";
		};
/* End PBXGroup section */

/* Begin PBXNativeTarget section */
		060BE1341946A814008FB3C5 /* App */ = {
			isa = PBXNativeTarget;
			buildConfigurationList = 060BE1551946A814008FB3C5 /* Build configuration list for PBXNativeTarget "App" */;
			buildPhases = (
				0D70FD82EF3A40A4AEDC3D21 /* Check Pods Manifest.lock */,
				060BE1311946A814008FB3C5 /* Sources */,
				060BE1321946A814008FB3C5 /* Frameworks */,
				060BE1331946A814008FB3C5 /* Resources */,
				A2093E5F4EA14FB183DA6BFB /* Copy Pods Resources */,
			);
			buildRules = (
			);
			dependencies = (
			);
			name = App;
			productName = App;
			productReference = 060BE1351946A814008FB3C5 /* Slyce.app */;
			productType = "com.apple.product-type.application";
		};
/* End PBXNativeTarget section */

/* Begin PBXProject section */
		060BE12D1946A814008FB3C5 /* Project object */ = {
			isa = PBXProject;
			attributes = {
				CLASSPREFIX = NLS;
				LastUpgradeCheck = 0600;
				ORGANIZATIONNAME = Slyce;
				TargetAttributes = {
					060BE1341946A814008FB3C5 = {
						CreatedOnToolsVersion = 6.0;
					};
				};
			};
			buildConfigurationList = 060BE1301946A814008FB3C5 /* Build configuration list for PBXProject "App" */;
			compatibilityVersion = "Xcode 3.2";
			developmentRegion = English;
			hasScannedForEncodings = 0;
			knownRegions = (
				en,
			);
			mainGroup = 060BE12C1946A814008FB3C5;
			productRefGroup = 060BE1361946A814008FB3C5 /* Products */;
			projectDirPath = "";
			projectRoot = "";
			targets = (
				060BE1341946A814008FB3C5 /* App */,
			);
		};
/* End PBXProject section */

/* Begin PBXResourcesBuildPhase section */
		060BE1331946A814008FB3C5 /* Resources */ = {
			isa = PBXResourcesBuildPhase;
			buildActionMask = 2147483647;
			files = (
				060BE17B1946DAB2008FB3C5 /* Default@2x.png in Resources */,
				06D952E0195902DE00EF30F2 /* Icon@2x.png in Resources */,
				06D952DA195902DE00EF30F2 /* Icon-Small-40@2x.png in Resources */,
				06D952DB195902DE00EF30F2 /* Icon-Small-50.png in Resources */,
				06D952DD195902DE00EF30F2 /* Icon-Small.png in Resources */,
				06D952D5195902DE00EF30F2 /* Icon-72.png in Resources */,
				06D952D6195902DE00EF30F2 /* Icon-72@2x.png in Resources */,
				06D952D9195902DE00EF30F2 /* Icon-Small-40.png in Resources */,
				06D952DC195902DE00EF30F2 /* Icon-Small-50@2x.png in Resources */,
				06D952D7195902DE00EF30F2 /* Icon-76.png in Resources */,
				060BE1791946DAB2008FB3C5 /* Default-568h@2x.png in Resources */,
				060BE17A1946DAB2008FB3C5 /* Default.png in Resources */,
				06D952D8195902DE00EF30F2 /* Icon-76@2x.png in Resources */,
				06D952DF195902DE00EF30F2 /* Icon.png in Resources */,
				06D952E31959051000EF30F2 /* green-button@2x.png in Resources */,
				06D952D4195902DE00EF30F2 /* Icon-60@2x.png in Resources */,
				06D952DE195902DE00EF30F2 /* Icon-Small@2x.png in Resources */,
			);
			runOnlyForDeploymentPostprocessing = 0;
		};
/* End PBXResourcesBuildPhase section */

/* Begin PBXShellScriptBuildPhase section */
		0D70FD82EF3A40A4AEDC3D21 /* Check Pods Manifest.lock */ = {
			isa = PBXShellScriptBuildPhase;
			buildActionMask = 2147483647;
			files = (
			);
			inputPaths = (
			);
			name = "Check Pods Manifest.lock";
			outputPaths = (
			);
			runOnlyForDeploymentPostprocessing = 0;
			shellPath = /bin/sh;
			shellScript = "diff \"${PODS_ROOT}/../Podfile.lock\" \"${PODS_ROOT}/Manifest.lock\" > /dev/null\nif [[ $? != 0 ]] ; then\n    cat << EOM\nerror: The sandbox is not in sync with the Podfile.lock. Run 'pod install' or update your CocoaPods installation.\nEOM\n    exit 1\nfi\n";
			showEnvVarsInLog = 0;
		};
		A2093E5F4EA14FB183DA6BFB /* Copy Pods Resources */ = {
			isa = PBXShellScriptBuildPhase;
			buildActionMask = 2147483647;
			files = (
			);
			inputPaths = (
			);
			name = "Copy Pods Resources";
			outputPaths = (
			);
			runOnlyForDeploymentPostprocessing = 0;
			shellPath = /bin/sh;
			shellScript = "\"${SRCROOT}/Pods/Pods-resources.sh\"\n";
			showEnvVarsInLog = 0;
		};
/* End PBXShellScriptBuildPhase section */

/* Begin PBXSourcesBuildPhase section */
		060BE1311946A814008FB3C5 /* Sources */ = {
			isa = PBXSourcesBuildPhase;
			buildActionMask = 2147483647;
			files = (
				0629AEA7195B4546000D2FE0 /* NLSButton.m in Sources */,
				06D952E6195949BD00EF30F2 /* NLSLoginViewController.m in Sources */,
				06C6FAC81946E10700A4D4B9 /* NLSFoundationExtras.m in Sources */,
				060BE13E1946A814008FB3C5 /* NLSAppDelegate.m in Sources */,
				0629AE98195B42BB000D2FE0 /* NLSGeometry.m in Sources */,
				0629AEA2195B4493000D2FE0 /* NLSStatusViewController.m in Sources */,
				0629AE9F195B4464000D2FE0 /* NLSBillComposeViewController.m in Sources */,
				0629AE9B195B42F7000D2FE0 /* NLSNSStringExtras.m in Sources */,
				060BE13B1946A814008FB3C5 /* main.m in Sources */,
			);
			runOnlyForDeploymentPostprocessing = 0;
		};
/* End PBXSourcesBuildPhase section */

/* Begin XCBuildConfiguration section */
		060BE1531946A814008FB3C5 /* Debug */ = {
			isa = XCBuildConfiguration;
			baseConfigurationReference = 060BE1671946D79C008FB3C5 /* Debug.xcconfig */;
			buildSettings = {
				CLANG_ENABLE_MODULES = YES;
				"CODE_SIGN_IDENTITY[sdk=iphoneos*]" = "iPhone Developer";
				SDKROOT = iphoneos;
			};
			name = Debug;
		};
		060BE1541946A814008FB3C5 /* Release */ = {
			isa = XCBuildConfiguration;
			baseConfigurationReference = 060BE1681946D79C008FB3C5 /* Release.xcconfig */;
			buildSettings = {
				CLANG_ENABLE_MODULES = YES;
				"CODE_SIGN_IDENTITY[sdk=iphoneos*]" = "iPhone Developer";
				SDKROOT = iphoneos;
				VALIDATE_PRODUCT = YES;
			};
			name = Release;
		};
		060BE1561946A814008FB3C5 /* Debug */ = {
			isa = XCBuildConfiguration;
			baseConfigurationReference = AF78171D92F14B558CB9B070 /* Pods.xcconfig */;
			buildSettings = {
				ASSETCATALOG_COMPILER_APPICON_NAME = AppIcon;
				ASSETCATALOG_COMPILER_LAUNCHIMAGE_NAME = LaunchImage;
			};
			name = Debug;
		};
		060BE1571946A814008FB3C5 /* Release */ = {
			isa = XCBuildConfiguration;
			baseConfigurationReference = AF78171D92F14B558CB9B070 /* Pods.xcconfig */;
			buildSettings = {
				ASSETCATALOG_COMPILER_APPICON_NAME = AppIcon;
				ASSETCATALOG_COMPILER_LAUNCHIMAGE_NAME = LaunchImage;
			};
			name = Release;
		};
/* End XCBuildConfiguration section */

/* Begin XCConfigurationList section */
		060BE1301946A814008FB3C5 /* Build configuration list for PBXProject "App" */ = {
			isa = XCConfigurationList;
			buildConfigurations = (
				060BE1531946A814008FB3C5 /* Debug */,
				060BE1541946A814008FB3C5 /* Release */,
			);
			defaultConfigurationIsVisible = 0;
			defaultConfigurationName = Release;
		};
		060BE1551946A814008FB3C5 /* Build configuration list for PBXNativeTarget "App" */ = {
			isa = XCConfigurationList;
			buildConfigurations = (
				060BE1561946A814008FB3C5 /* Debug */,
				060BE1571946A814008FB3C5 /* Release */,
			);
			defaultConfigurationIsVisible = 0;
			defaultConfigurationName = Release;
		};
/* End XCConfigurationList section */
	};
	rootObject = 060BE12D1946A814008FB3C5 /* Project object */;
}
