// !$*UTF8*$!
{
	archiveVersion = 1;
	classes = {
	};
	objectVersion = 46;
	objects = {

/* Begin PBXBuildFile section */
		060BE1721946D8F4008FB3C5 /* UIKit.framework in Frameworks */ = {isa = PBXBuildFile; fileRef = 060BE16D1946D8C5008FB3C5 /* UIKit.framework */; };
		060BE1731946D8FC008FB3C5 /* SystemConfiguration.framework in Frameworks */ = {isa = PBXBuildFile; fileRef = 060BE1691946D8B3008FB3C5 /* SystemConfiguration.framework */; };
		060BE1741946D904008FB3C5 /* CoreGraphics.framework in Frameworks */ = {isa = PBXBuildFile; fileRef = 060BE16B1946D8BD008FB3C5 /* CoreGraphics.framework */; };
		7B11D7971A080A650069D7A1 /* Images.xcassets in Resources */ = {isa = PBXBuildFile; fileRef = 7B11D7961A080A650069D7A1 /* Images.xcassets */; };
		7B1528091A1A735000F0F871 /* NLSTMQuery.m in Sources */ = {isa = PBXBuildFile; fileRef = 7B1528081A1A735000F0F871 /* NLSTMQuery.m */; };
		7B444AE11A07EF2800A7D869 /* NLSAutoSizeTextview.m in Sources */ = {isa = PBXBuildFile; fileRef = 7B444AE01A07EF2800A7D869 /* NLSAutoSizeTextview.m */; };
		7B4E620C19E2F602004E90BD /* Images.xcassets in Resources */ = {isa = PBXBuildFile; fileRef = 7B4E620B19E2F602004E90BD /* Images.xcassets */; };
		7B584ED619D92117000D058F /* Default-568h@2x.png in Resources */ = {isa = PBXBuildFile; fileRef = 7B584ED319D92117000D058F /* Default-568h@2x.png */; };
		7B584ED719D92117000D058F /* Default.png in Resources */ = {isa = PBXBuildFile; fileRef = 7B584ED419D92117000D058F /* Default.png */; };
		7B584ED819D92117000D058F /* Default@2x.png in Resources */ = {isa = PBXBuildFile; fileRef = 7B584ED519D92117000D058F /* Default@2x.png */; };
		7B5CDA611A0D6DB4005099C0 /* NLSSQLCount.m in Sources */ = {isa = PBXBuildFile; fileRef = 7B5CDA601A0D6DB4005099C0 /* NLSSQLCount.m */; };
		7B5CDA641A0D81E2005099C0 /* NLSQuery.m in Sources */ = {isa = PBXBuildFile; fileRef = 7B5CDA631A0D81E2005099C0 /* NLSQuery.m */; };
		7B65DF001A041225006814E7 /* NLSTableView.m in Sources */ = {isa = PBXBuildFile; fileRef = 7B65DEFF1A041225006814E7 /* NLSTableView.m */; };
		7B7C40BE19D4D5590011331C /* Foundation.framework in Frameworks */ = {isa = PBXBuildFile; fileRef = 060BE1701946D8E7008FB3C5 /* Foundation.framework */; };
		7B7C40E219D4DB440011331C /* libPods-AFNetworking.a in Frameworks */ = {isa = PBXBuildFile; fileRef = 7B7C40DB19D4DB440011331C /* libPods-AFNetworking.a */; };
		7B7C40E319D4DB440011331C /* libPods-CCHLinkTextView.a in Frameworks */ = {isa = PBXBuildFile; fileRef = 7B7C40DC19D4DB440011331C /* libPods-CCHLinkTextView.a */; };
		7B7C40E419D4DB440011331C /* libPods-CRGradientNavigationBar.a in Frameworks */ = {isa = PBXBuildFile; fileRef = 7B7C40DD19D4DB440011331C /* libPods-CRGradientNavigationBar.a */; };
		7B7C40E519D4DB440011331C /* libPods-EDColor.a in Frameworks */ = {isa = PBXBuildFile; fileRef = 7B7C40DE19D4DB440011331C /* libPods-EDColor.a */; };
		7B7C40E619D4DB440011331C /* libPods-FMDB.a in Frameworks */ = {isa = PBXBuildFile; fileRef = 7B7C40DF19D4DB440011331C /* libPods-FMDB.a */; };
		7B7C40E719D4DB440011331C /* libPods-PBJActivityIndicator.a in Frameworks */ = {isa = PBXBuildFile; fileRef = 7B7C40E019D4DB440011331C /* libPods-PBJActivityIndicator.a */; };
		7B7C40E819D4DB440011331C /* libPods.a in Frameworks */ = {isa = PBXBuildFile; fileRef = 7B7C40E119D4DB440011331C /* libPods.a */; };
		7B911F5F1A003ED100C56815 /* NLSBaseTableViewController.m in Sources */ = {isa = PBXBuildFile; fileRef = 7B911F5E1A003ED100C56815 /* NLSBaseTableViewController.m */; };
		7BB9A97D19D4C63600ACFE7B /* InfoPlist.strings in Resources */ = {isa = PBXBuildFile; fileRef = 7BB9A92219D4C63600ACFE7B /* InfoPlist.strings */; };
		7BB9A98119D4C63600ACFE7B /* Icon-60.png in Resources */ = {isa = PBXBuildFile; fileRef = 7BB9A92819D4C63600ACFE7B /* Icon-60.png */; };
		7BB9A98219D4C63600ACFE7B /* Icon-60@2x.png in Resources */ = {isa = PBXBuildFile; fileRef = 7BB9A92919D4C63600ACFE7B /* Icon-60@2x.png */; };
		7BB9A98319D4C63600ACFE7B /* Icon-72.png in Resources */ = {isa = PBXBuildFile; fileRef = 7BB9A92A19D4C63600ACFE7B /* Icon-72.png */; };
		7BB9A98419D4C63600ACFE7B /* Icon-72@2x.png in Resources */ = {isa = PBXBuildFile; fileRef = 7BB9A92B19D4C63600ACFE7B /* Icon-72@2x.png */; };
		7BB9A98519D4C63600ACFE7B /* Icon-76.png in Resources */ = {isa = PBXBuildFile; fileRef = 7BB9A92C19D4C63600ACFE7B /* Icon-76.png */; };
		7BB9A98619D4C63600ACFE7B /* Icon-76@2x.png in Resources */ = {isa = PBXBuildFile; fileRef = 7BB9A92D19D4C63600ACFE7B /* Icon-76@2x.png */; };
		7BB9A98719D4C63600ACFE7B /* Icon-Small-40.png in Resources */ = {isa = PBXBuildFile; fileRef = 7BB9A92E19D4C63600ACFE7B /* Icon-Small-40.png */; };
		7BB9A98819D4C63600ACFE7B /* Icon-Small-40@2x.png in Resources */ = {isa = PBXBuildFile; fileRef = 7BB9A92F19D4C63600ACFE7B /* Icon-Small-40@2x.png */; };
		7BB9A98919D4C63600ACFE7B /* Icon-Small-50.png in Resources */ = {isa = PBXBuildFile; fileRef = 7BB9A93019D4C63600ACFE7B /* Icon-Small-50.png */; };
		7BB9A98A19D4C63600ACFE7B /* Icon-Small-50@2x.png in Resources */ = {isa = PBXBuildFile; fileRef = 7BB9A93119D4C63600ACFE7B /* Icon-Small-50@2x.png */; };
		7BB9A98B19D4C63600ACFE7B /* Icon-Small.png in Resources */ = {isa = PBXBuildFile; fileRef = 7BB9A93219D4C63600ACFE7B /* Icon-Small.png */; };
		7BB9A98C19D4C63600ACFE7B /* Icon-Small@2x.png in Resources */ = {isa = PBXBuildFile; fileRef = 7BB9A93319D4C63600ACFE7B /* Icon-Small@2x.png */; };
		7BB9A98D19D4C63600ACFE7B /* Icon.png in Resources */ = {isa = PBXBuildFile; fileRef = 7BB9A93419D4C63600ACFE7B /* Icon.png */; };
		7BB9A98E19D4C63600ACFE7B /* Icon@2x.png in Resources */ = {isa = PBXBuildFile; fileRef = 7BB9A93519D4C63600ACFE7B /* Icon@2x.png */; };
		7BB9A98F19D4C63600ACFE7B /* main.m in Sources */ = {isa = PBXBuildFile; fileRef = 7BB9A93719D4C63600ACFE7B /* main.m */; };
		7BB9A99019D4C63600ACFE7B /* NLSAppDelegate.m in Sources */ = {isa = PBXBuildFile; fileRef = 7BB9A93919D4C63600ACFE7B /* NLSAppDelegate.m */; };
		7BB9A99119D4C63600ACFE7B /* NLSButton.m in Sources */ = {isa = PBXBuildFile; fileRef = 7BB9A93B19D4C63600ACFE7B /* NLSButton.m */; };
		7BB9A99219D4C63600ACFE7B /* NLSFoundationExtras.m in Sources */ = {isa = PBXBuildFile; fileRef = 7BB9A93D19D4C63600ACFE7B /* NLSFoundationExtras.m */; };
		7BB9A99419D4C63600ACFE7B /* NLSUIKitExtras.m in Sources */ = {isa = PBXBuildFile; fileRef = 7BB9A94119D4C63600ACFE7B /* NLSUIKitExtras.m */; };
		7BB9A99519D4C63600ACFE7B /* NLSDescriptorModel.m in Sources */ = {isa = PBXBuildFile; fileRef = 7BB9A94419D4C63600ACFE7B /* NLSDescriptorModel.m */; };
		7BB9A99619D4C63600ACFE7B /* NLSDetailModel.m in Sources */ = {isa = PBXBuildFile; fileRef = 7BB9A94619D4C63600ACFE7B /* NLSDetailModel.m */; };
		7BB9A99719D4C63600ACFE7B /* NLSJournalModel.m in Sources */ = {isa = PBXBuildFile; fileRef = 7BB9A94819D4C63600ACFE7B /* NLSJournalModel.m */; };
		7BB9A99819D4C63600ACFE7B /* NLSTitleModel.m in Sources */ = {isa = PBXBuildFile; fileRef = 7BB9A94A19D4C63600ACFE7B /* NLSTitleModel.m */; };
		7BB9A99A19D4C63600ACFE7B /* NLSSQLAPI.m in Sources */ = {isa = PBXBuildFile; fileRef = 7BB9A94F19D4C63600ACFE7B /* NLSSQLAPI.m */; };
		7BB9A99B19D4C63600ACFE7B /* NLSPendingOperations.m in Sources */ = {isa = PBXBuildFile; fileRef = 7BB9A95119D4C63600ACFE7B /* NLSPendingOperations.m */; };
		7BB9A99F19D4C63600ACFE7B /* About-50@2x.png in Resources */ = {isa = PBXBuildFile; fileRef = 7BB9A95819D4C63600ACFE7B /* About-50@2x.png */; };
		7BB9A9A019D4C63600ACFE7B /* About-selected-50@2x.png in Resources */ = {isa = PBXBuildFile; fileRef = 7BB9A95919D4C63600ACFE7B /* About-selected-50@2x.png */; };
		7BB9A9A119D4C63600ACFE7B /* Descriptors-50@2x.png in Resources */ = {isa = PBXBuildFile; fileRef = 7BB9A95A19D4C63600ACFE7B /* Descriptors-50@2x.png */; };
		7BB9A9A219D4C63600ACFE7B /* Descriptors-selected-50@2x.png in Resources */ = {isa = PBXBuildFile; fileRef = 7BB9A95B19D4C63600ACFE7B /* Descriptors-selected-50@2x.png */; };
		7BB9A9A319D4C63600ACFE7B /* Document-50@2x.png in Resources */ = {isa = PBXBuildFile; fileRef = 7BB9A95C19D4C63600ACFE7B /* Document-50@2x.png */; };
		7BB9A9A419D4C63600ACFE7B /* Document-selected-50@2x.png in Resources */ = {isa = PBXBuildFile; fileRef = 7BB9A95D19D4C63600ACFE7B /* Document-selected-50@2x.png */; };
		7BB9A9A519D4C63600ACFE7B /* Favorites-50@2x.png in Resources */ = {isa = PBXBuildFile; fileRef = 7BB9A95E19D4C63600ACFE7B /* Favorites-50@2x.png */; };
		7BB9A9A619D4C63600ACFE7B /* Favorites-selected-50@2x.png in Resources */ = {isa = PBXBuildFile; fileRef = 7BB9A95F19D4C63600ACFE7B /* Favorites-selected-50@2x.png */; };
		7BB9A9A719D4C63600ACFE7B /* FavoritesHighlighted-50@2x.png in Resources */ = {isa = PBXBuildFile; fileRef = 7BB9A96019D4C63600ACFE7B /* FavoritesHighlighted-50@2x.png */; };
		7BB9A9A819D4C63600ACFE7B /* Journals-50@2x.png in Resources */ = {isa = PBXBuildFile; fileRef = 7BB9A96119D4C63600ACFE7B /* Journals-50@2x.png */; };
		7BB9A9A919D4C63600ACFE7B /* Journals-selected-50@2x.png in Resources */ = {isa = PBXBuildFile; fileRef = 7BB9A96219D4C63600ACFE7B /* Journals-selected-50@2x.png */; };
		7BB9A9AA19D4C63600ACFE7B /* Share-50@2x.png in Resources */ = {isa = PBXBuildFile; fileRef = 7BB9A96319D4C63600ACFE7B /* Share-50@2x.png */; };
		7BB9A9AB19D4C63600ACFE7B /* NLSAboutViewController.m in Sources */ = {isa = PBXBuildFile; fileRef = 7BB9A96719D4C63600ACFE7B /* NLSAboutViewController.m */; };
		7BB9A9AC19D4C63600ACFE7B /* NLSDescriptorTitlesViewController.m in Sources */ = {isa = PBXBuildFile; fileRef = 7BB9A96919D4C63600ACFE7B /* NLSDescriptorTitlesViewController.m */; };
		7BB9A9AD19D4C63600ACFE7B /* NLSDescriptorViewController.m in Sources */ = {isa = PBXBuildFile; fileRef = 7BB9A96B19D4C63600ACFE7B /* NLSDescriptorViewController.m */; };
		7BB9A9AE19D4C63600ACFE7B /* NLSDetailViewController.m in Sources */ = {isa = PBXBuildFile; fileRef = 7BB9A96D19D4C63600ACFE7B /* NLSDetailViewController.m */; };
		7BB9A9AF19D4C63600ACFE7B /* NLSFavoritesViewController.m in Sources */ = {isa = PBXBuildFile; fileRef = 7BB9A96F19D4C63600ACFE7B /* NLSFavoritesViewController.m */; };
		7BB9A9B019D4C63600ACFE7B /* NLSJournalTitlesViewController.m in Sources */ = {isa = PBXBuildFile; fileRef = 7BB9A97119D4C63600ACFE7B /* NLSJournalTitlesViewController.m */; };
		7BB9A9B119D4C63600ACFE7B /* NLSJournalViewController.m in Sources */ = {isa = PBXBuildFile; fileRef = 7BB9A97319D4C63600ACFE7B /* NLSJournalViewController.m */; };
		7BB9A9B219D4C63600ACFE7B /* NLSSearchViewController.m in Sources */ = {isa = PBXBuildFile; fileRef = 7BB9A97519D4C63600ACFE7B /* NLSSearchViewController.m */; };
		7BB9A9B319D4C63600ACFE7B /* NLSTableViewCell.m in Sources */ = {isa = PBXBuildFile; fileRef = 7BB9A97719D4C63600ACFE7B /* NLSTableViewCell.m */; };
		7BB9A9B419D4C63600ACFE7B /* NLSTitleViewController.m in Sources */ = {isa = PBXBuildFile; fileRef = 7BB9A97919D4C63600ACFE7B /* NLSTitleViewController.m */; };
		7BC81FF019ED8F5E009F4915 /* ema.sqlite in Resources */ = {isa = PBXBuildFile; fileRef = 7BC81FEF19ED8F5E009F4915 /* ema.sqlite */; };
/* End PBXBuildFile section */

/* Begin PBXFileReference section */
		060BE1351946A814008FB3C5 /* Colleen's EMA.app */ = {isa = PBXFileReference; explicitFileType = wrapper.application; includeInIndex = 0; path = "Colleen's EMA.app"; sourceTree = BUILT_PRODUCTS_DIR; };
		060BE1691946D8B3008FB3C5 /* SystemConfiguration.framework */ = {isa = PBXFileReference; lastKnownFileType = wrapper.framework; name = SystemConfiguration.framework; path = System/Library/Frameworks/SystemConfiguration.framework; sourceTree = SDKROOT; };
		060BE16B1946D8BD008FB3C5 /* CoreGraphics.framework */ = {isa = PBXFileReference; lastKnownFileType = wrapper.framework; name = CoreGraphics.framework; path = System/Library/Frameworks/CoreGraphics.framework; sourceTree = SDKROOT; };
		060BE16D1946D8C5008FB3C5 /* UIKit.framework */ = {isa = PBXFileReference; lastKnownFileType = wrapper.framework; name = UIKit.framework; path = System/Library/Frameworks/UIKit.framework; sourceTree = SDKROOT; };
		060BE1701946D8E7008FB3C5 /* Foundation.framework */ = {isa = PBXFileReference; lastKnownFileType = wrapper.framework; name = Foundation.framework; path = System/Library/Frameworks/Foundation.framework; sourceTree = SDKROOT; };
		12F69A799D6A3CD86D4EDD8F /* Pods.debug.xcconfig */ = {isa = PBXFileReference; includeInIndex = 1; lastKnownFileType = text.xcconfig; name = Pods.debug.xcconfig; path = "Pods/Target Support Files/Pods/Pods.debug.xcconfig"; sourceTree = "<group>"; };
		7B11D7961A080A650069D7A1 /* Images.xcassets */ = {isa = PBXFileReference; lastKnownFileType = folder.assetcatalog; path = Images.xcassets; sourceTree = "<group>"; };
		7B1528071A1A735000F0F871 /* NLSTMQuery.h */ = {isa = PBXFileReference; fileEncoding = 4; lastKnownFileType = sourcecode.c.h; path = NLSTMQuery.h; sourceTree = "<group>"; };
		7B1528081A1A735000F0F871 /* NLSTMQuery.m */ = {isa = PBXFileReference; fileEncoding = 4; lastKnownFileType = sourcecode.c.objc; path = NLSTMQuery.m; sourceTree = "<group>"; };
		7B444ADF1A07EF2800A7D869 /* NLSAutoSizeTextview.h */ = {isa = PBXFileReference; fileEncoding = 4; lastKnownFileType = sourcecode.c.h; path = NLSAutoSizeTextview.h; sourceTree = "<group>"; };
		7B444AE01A07EF2800A7D869 /* NLSAutoSizeTextview.m */ = {isa = PBXFileReference; fileEncoding = 4; lastKnownFileType = sourcecode.c.objc; path = NLSAutoSizeTextview.m; sourceTree = "<group>"; };
		7B4E620B19E2F602004E90BD /* Images.xcassets */ = {isa = PBXFileReference; lastKnownFileType = folder.assetcatalog; name = Images.xcassets; path = ../Images.xcassets; sourceTree = "<group>"; };
		7B584ED319D92117000D058F /* Default-568h@2x.png */ = {isa = PBXFileReference; lastKnownFileType = image.png; path = "Default-568h@2x.png"; sourceTree = "<group>"; };
		7B584ED419D92117000D058F /* Default.png */ = {isa = PBXFileReference; lastKnownFileType = image.png; path = Default.png; sourceTree = "<group>"; };
		7B584ED519D92117000D058F /* Default@2x.png */ = {isa = PBXFileReference; lastKnownFileType = image.png; path = "Default@2x.png"; sourceTree = "<group>"; };
		7B5CDA5F1A0D6DB4005099C0 /* NLSSQLCount.h */ = {isa = PBXFileReference; fileEncoding = 4; lastKnownFileType = sourcecode.c.h; path = NLSSQLCount.h; sourceTree = "<group>"; };
		7B5CDA601A0D6DB4005099C0 /* NLSSQLCount.m */ = {isa = PBXFileReference; fileEncoding = 4; lastKnownFileType = sourcecode.c.objc; path = NLSSQLCount.m; sourceTree = "<group>"; };
		7B5CDA621A0D81E2005099C0 /* NLSQuery.h */ = {isa = PBXFileReference; fileEncoding = 4; lastKnownFileType = sourcecode.c.h; path = NLSQuery.h; sourceTree = "<group>"; };
		7B5CDA631A0D81E2005099C0 /* NLSQuery.m */ = {isa = PBXFileReference; fileEncoding = 4; lastKnownFileType = sourcecode.c.objc; path = NLSQuery.m; sourceTree = "<group>"; };
		7B65DEFE1A041225006814E7 /* NLSTableView.h */ = {isa = PBXFileReference; fileEncoding = 4; lastKnownFileType = sourcecode.c.h; path = NLSTableView.h; sourceTree = "<group>"; };
		7B65DEFF1A041225006814E7 /* NLSTableView.m */ = {isa = PBXFileReference; fileEncoding = 4; lastKnownFileType = sourcecode.c.objc; path = NLSTableView.m; sourceTree = "<group>"; };
		7B7C40DB19D4DB440011331C /* libPods-AFNetworking.a */ = {isa = PBXFileReference; lastKnownFileType = archive.ar; name = "libPods-AFNetworking.a"; path = "Pods/build/Debug-iphoneos/libPods-AFNetworking.a"; sourceTree = "<group>"; };
		7B7C40DC19D4DB440011331C /* libPods-CCHLinkTextView.a */ = {isa = PBXFileReference; lastKnownFileType = archive.ar; name = "libPods-CCHLinkTextView.a"; path = "Pods/build/Debug-iphoneos/libPods-CCHLinkTextView.a"; sourceTree = "<group>"; };
		7B7C40DD19D4DB440011331C /* libPods-CRGradientNavigationBar.a */ = {isa = PBXFileReference; lastKnownFileType = archive.ar; name = "libPods-CRGradientNavigationBar.a"; path = "Pods/build/Debug-iphoneos/libPods-CRGradientNavigationBar.a"; sourceTree = "<group>"; };
		7B7C40DE19D4DB440011331C /* libPods-EDColor.a */ = {isa = PBXFileReference; lastKnownFileType = archive.ar; name = "libPods-EDColor.a"; path = "Pods/build/Debug-iphoneos/libPods-EDColor.a"; sourceTree = "<group>"; };
		7B7C40DF19D4DB440011331C /* libPods-FMDB.a */ = {isa = PBXFileReference; lastKnownFileType = archive.ar; name = "libPods-FMDB.a"; path = "Pods/build/Debug-iphoneos/libPods-FMDB.a"; sourceTree = "<group>"; };
		7B7C40E019D4DB440011331C /* libPods-PBJActivityIndicator.a */ = {isa = PBXFileReference; lastKnownFileType = archive.ar; name = "libPods-PBJActivityIndicator.a"; path = "Pods/build/Debug-iphoneos/libPods-PBJActivityIndicator.a"; sourceTree = "<group>"; };
		7B7C40E119D4DB440011331C /* libPods.a */ = {isa = PBXFileReference; lastKnownFileType = archive.ar; name = libPods.a; path = "Pods/build/Debug-iphoneos/libPods.a"; sourceTree = "<group>"; };
		7B911F5D1A003ED100C56815 /* NLSBaseTableViewController.h */ = {isa = PBXFileReference; fileEncoding = 4; lastKnownFileType = sourcecode.c.h; path = NLSBaseTableViewController.h; sourceTree = "<group>"; };
		7B911F5E1A003ED100C56815 /* NLSBaseTableViewController.m */ = {isa = PBXFileReference; fileEncoding = 4; lastKnownFileType = sourcecode.c.objc; path = NLSBaseTableViewController.m; sourceTree = "<group>"; };
		7BB9A91D19D4C63600ACFE7B /* App-Info.plist */ = {isa = PBXFileReference; fileEncoding = 4; lastKnownFileType = text.plist.xml; path = "App-Info.plist"; sourceTree = "<group>"; };
		7BB9A91E19D4C63600ACFE7B /* App-Prefix.pch */ = {isa = PBXFileReference; fileEncoding = 4; lastKnownFileType = sourcecode.c.h; path = "App-Prefix.pch"; sourceTree = "<group>"; };
		7BB9A91F19D4C63600ACFE7B /* Base.xcconfig */ = {isa = PBXFileReference; fileEncoding = 4; lastKnownFileType = text.xcconfig; path = Base.xcconfig; sourceTree = "<group>"; };
		7BB9A92019D4C63600ACFE7B /* Debug.xcconfig */ = {isa = PBXFileReference; fileEncoding = 4; lastKnownFileType = text.xcconfig; path = Debug.xcconfig; sourceTree = "<group>"; };
		7BB9A92119D4C63600ACFE7B /* EMAConstants.h */ = {isa = PBXFileReference; fileEncoding = 4; lastKnownFileType = sourcecode.c.h; path = EMAConstants.h; sourceTree = "<group>"; };
		7BB9A92319D4C63600ACFE7B /* en */ = {isa = PBXFileReference; lastKnownFileType = text.plist.strings; name = en; path = en.lproj/InfoPlist.strings; sourceTree = "<group>"; };
		7BB9A92819D4C63600ACFE7B /* Icon-60.png */ = {isa = PBXFileReference; lastKnownFileType = image.png; path = "Icon-60.png"; sourceTree = "<group>"; };
		7BB9A92919D4C63600ACFE7B /* Icon-60@2x.png */ = {isa = PBXFileReference; lastKnownFileType = image.png; path = "Icon-60@2x.png"; sourceTree = "<group>"; };
		7BB9A92A19D4C63600ACFE7B /* Icon-72.png */ = {isa = PBXFileReference; lastKnownFileType = image.png; path = "Icon-72.png"; sourceTree = "<group>"; };
		7BB9A92B19D4C63600ACFE7B /* Icon-72@2x.png */ = {isa = PBXFileReference; lastKnownFileType = image.png; path = "Icon-72@2x.png"; sourceTree = "<group>"; };
		7BB9A92C19D4C63600ACFE7B /* Icon-76.png */ = {isa = PBXFileReference; lastKnownFileType = image.png; path = "Icon-76.png"; sourceTree = "<group>"; };
		7BB9A92D19D4C63600ACFE7B /* Icon-76@2x.png */ = {isa = PBXFileReference; lastKnownFileType = image.png; path = "Icon-76@2x.png"; sourceTree = "<group>"; };
		7BB9A92E19D4C63600ACFE7B /* Icon-Small-40.png */ = {isa = PBXFileReference; lastKnownFileType = image.png; path = "Icon-Small-40.png"; sourceTree = "<group>"; };
		7BB9A92F19D4C63600ACFE7B /* Icon-Small-40@2x.png */ = {isa = PBXFileReference; lastKnownFileType = image.png; path = "Icon-Small-40@2x.png"; sourceTree = "<group>"; };
		7BB9A93019D4C63600ACFE7B /* Icon-Small-50.png */ = {isa = PBXFileReference; lastKnownFileType = image.png; path = "Icon-Small-50.png"; sourceTree = "<group>"; };
		7BB9A93119D4C63600ACFE7B /* Icon-Small-50@2x.png */ = {isa = PBXFileReference; lastKnownFileType = image.png; path = "Icon-Small-50@2x.png"; sourceTree = "<group>"; };
		7BB9A93219D4C63600ACFE7B /* Icon-Small.png */ = {isa = PBXFileReference; lastKnownFileType = image.png; path = "Icon-Small.png"; sourceTree = "<group>"; };
		7BB9A93319D4C63600ACFE7B /* Icon-Small@2x.png */ = {isa = PBXFileReference; lastKnownFileType = image.png; path = "Icon-Small@2x.png"; sourceTree = "<group>"; };
		7BB9A93419D4C63600ACFE7B /* Icon.png */ = {isa = PBXFileReference; lastKnownFileType = image.png; path = Icon.png; sourceTree = "<group>"; };
		7BB9A93519D4C63600ACFE7B /* Icon@2x.png */ = {isa = PBXFileReference; lastKnownFileType = image.png; path = "Icon@2x.png"; sourceTree = "<group>"; };
		7BB9A93719D4C63600ACFE7B /* main.m */ = {isa = PBXFileReference; fileEncoding = 4; lastKnownFileType = sourcecode.c.objc; path = main.m; sourceTree = "<group>"; };
		7BB9A93819D4C63600ACFE7B /* NLSAppDelegate.h */ = {isa = PBXFileReference; fileEncoding = 4; lastKnownFileType = sourcecode.c.h; path = NLSAppDelegate.h; sourceTree = "<group>"; };
		7BB9A93919D4C63600ACFE7B /* NLSAppDelegate.m */ = {isa = PBXFileReference; fileEncoding = 4; lastKnownFileType = sourcecode.c.objc; path = NLSAppDelegate.m; sourceTree = "<group>"; };
		7BB9A93A19D4C63600ACFE7B /* NLSButton.h */ = {isa = PBXFileReference; fileEncoding = 4; lastKnownFileType = sourcecode.c.h; path = NLSButton.h; sourceTree = "<group>"; };
		7BB9A93B19D4C63600ACFE7B /* NLSButton.m */ = {isa = PBXFileReference; fileEncoding = 4; lastKnownFileType = sourcecode.c.objc; path = NLSButton.m; sourceTree = "<group>"; };
		7BB9A93C19D4C63600ACFE7B /* NLSFoundationExtras.h */ = {isa = PBXFileReference; fileEncoding = 4; lastKnownFileType = sourcecode.c.h; path = NLSFoundationExtras.h; sourceTree = "<group>"; };
		7BB9A93D19D4C63600ACFE7B /* NLSFoundationExtras.m */ = {isa = PBXFileReference; fileEncoding = 4; lastKnownFileType = sourcecode.c.objc; path = NLSFoundationExtras.m; sourceTree = "<group>"; };
		7BB9A94019D4C63600ACFE7B /* NLSUIKitExtras.h */ = {isa = PBXFileReference; fileEncoding = 4; lastKnownFileType = sourcecode.c.h; path = NLSUIKitExtras.h; sourceTree = "<group>"; };
		7BB9A94119D4C63600ACFE7B /* NLSUIKitExtras.m */ = {isa = PBXFileReference; fileEncoding = 4; lastKnownFileType = sourcecode.c.objc; path = NLSUIKitExtras.m; sourceTree = "<group>"; };
		7BB9A94319D4C63600ACFE7B /* NLSDescriptorModel.h */ = {isa = PBXFileReference; fileEncoding = 4; lastKnownFileType = sourcecode.c.h; path = NLSDescriptorModel.h; sourceTree = "<group>"; };
		7BB9A94419D4C63600ACFE7B /* NLSDescriptorModel.m */ = {isa = PBXFileReference; fileEncoding = 4; lastKnownFileType = sourcecode.c.objc; path = NLSDescriptorModel.m; sourceTree = "<group>"; };
		7BB9A94519D4C63600ACFE7B /* NLSDetailModel.h */ = {isa = PBXFileReference; fileEncoding = 4; lastKnownFileType = sourcecode.c.h; path = NLSDetailModel.h; sourceTree = "<group>"; };
		7BB9A94619D4C63600ACFE7B /* NLSDetailModel.m */ = {isa = PBXFileReference; fileEncoding = 4; lastKnownFileType = sourcecode.c.objc; path = NLSDetailModel.m; sourceTree = "<group>"; };
		7BB9A94719D4C63600ACFE7B /* NLSJournalModel.h */ = {isa = PBXFileReference; fileEncoding = 4; lastKnownFileType = sourcecode.c.h; path = NLSJournalModel.h; sourceTree = "<group>"; };
		7BB9A94819D4C63600ACFE7B /* NLSJournalModel.m */ = {isa = PBXFileReference; fileEncoding = 4; lastKnownFileType = sourcecode.c.objc; path = NLSJournalModel.m; sourceTree = "<group>"; };
		7BB9A94919D4C63600ACFE7B /* NLSTitleModel.h */ = {isa = PBXFileReference; fileEncoding = 4; lastKnownFileType = sourcecode.c.h; path = NLSTitleModel.h; sourceTree = "<group>"; };
		7BB9A94A19D4C63600ACFE7B /* NLSTitleModel.m */ = {isa = PBXFileReference; fileEncoding = 4; lastKnownFileType = sourcecode.c.objc; path = NLSTitleModel.m; sourceTree = "<group>"; };
		7BB9A94E19D4C63600ACFE7B /* NLSSQLAPI.h */ = {isa = PBXFileReference; fileEncoding = 4; lastKnownFileType = sourcecode.c.h; path = NLSSQLAPI.h; sourceTree = "<group>"; };
		7BB9A94F19D4C63600ACFE7B /* NLSSQLAPI.m */ = {isa = PBXFileReference; fileEncoding = 4; lastKnownFileType = sourcecode.c.objc; path = NLSSQLAPI.m; sourceTree = "<group>"; };
		7BB9A95019D4C63600ACFE7B /* NLSPendingOperations.h */ = {isa = PBXFileReference; fileEncoding = 4; lastKnownFileType = sourcecode.c.h; path = NLSPendingOperations.h; sourceTree = "<group>"; };
		7BB9A95119D4C63600ACFE7B /* NLSPendingOperations.m */ = {isa = PBXFileReference; fileEncoding = 4; lastKnownFileType = sourcecode.c.objc; path = NLSPendingOperations.m; sourceTree = "<group>"; };
		7BB9A95419D4C63600ACFE7B /* Release.xcconfig */ = {isa = PBXFileReference; fileEncoding = 4; lastKnownFileType = text.xcconfig; path = Release.xcconfig; sourceTree = "<group>"; };
		7BB9A95819D4C63600ACFE7B /* About-50@2x.png */ = {isa = PBXFileReference; lastKnownFileType = image.png; path = "About-50@2x.png"; sourceTree = "<group>"; };
		7BB9A95919D4C63600ACFE7B /* About-selected-50@2x.png */ = {isa = PBXFileReference; lastKnownFileType = image.png; path = "About-selected-50@2x.png"; sourceTree = "<group>"; };
		7BB9A95A19D4C63600ACFE7B /* Descriptors-50@2x.png */ = {isa = PBXFileReference; lastKnownFileType = image.png; path = "Descriptors-50@2x.png"; sourceTree = "<group>"; };
		7BB9A95B19D4C63600ACFE7B /* Descriptors-selected-50@2x.png */ = {isa = PBXFileReference; lastKnownFileType = image.png; path = "Descriptors-selected-50@2x.png"; sourceTree = "<group>"; };
		7BB9A95C19D4C63600ACFE7B /* Document-50@2x.png */ = {isa = PBXFileReference; lastKnownFileType = image.png; path = "Document-50@2x.png"; sourceTree = "<group>"; };
		7BB9A95D19D4C63600ACFE7B /* Document-selected-50@2x.png */ = {isa = PBXFileReference; lastKnownFileType = image.png; path = "Document-selected-50@2x.png"; sourceTree = "<group>"; };
		7BB9A95E19D4C63600ACFE7B /* Favorites-50@2x.png */ = {isa = PBXFileReference; lastKnownFileType = image.png; path = "Favorites-50@2x.png"; sourceTree = "<group>"; };
		7BB9A95F19D4C63600ACFE7B /* Favorites-selected-50@2x.png */ = {isa = PBXFileReference; lastKnownFileType = image.png; path = "Favorites-selected-50@2x.png"; sourceTree = "<group>"; };
		7BB9A96019D4C63600ACFE7B /* FavoritesHighlighted-50@2x.png */ = {isa = PBXFileReference; lastKnownFileType = image.png; path = "FavoritesHighlighted-50@2x.png"; sourceTree = "<group>"; };
		7BB9A96119D4C63600ACFE7B /* Journals-50@2x.png */ = {isa = PBXFileReference; lastKnownFileType = image.png; path = "Journals-50@2x.png"; sourceTree = "<group>"; };
		7BB9A96219D4C63600ACFE7B /* Journals-selected-50@2x.png */ = {isa = PBXFileReference; lastKnownFileType = image.png; path = "Journals-selected-50@2x.png"; sourceTree = "<group>"; };
		7BB9A96319D4C63600ACFE7B /* Share-50@2x.png */ = {isa = PBXFileReference; lastKnownFileType = image.png; path = "Share-50@2x.png"; sourceTree = "<group>"; };
		7BB9A96419D4C63600ACFE7B /* TODO.h */ = {isa = PBXFileReference; fileEncoding = 4; lastKnownFileType = sourcecode.c.h; path = TODO.h; sourceTree = "<group>"; };
		7BB9A96619D4C63600ACFE7B /* NLSAboutViewController.h */ = {isa = PBXFileReference; fileEncoding = 4; lastKnownFileType = sourcecode.c.h; path = NLSAboutViewController.h; sourceTree = "<group>"; };
		7BB9A96719D4C63600ACFE7B /* NLSAboutViewController.m */ = {isa = PBXFileReference; fileEncoding = 4; lastKnownFileType = sourcecode.c.objc; path = NLSAboutViewController.m; sourceTree = "<group>"; };
		7BB9A96819D4C63600ACFE7B /* NLSDescriptorTitlesViewController.h */ = {isa = PBXFileReference; fileEncoding = 4; lastKnownFileType = sourcecode.c.h; path = NLSDescriptorTitlesViewController.h; sourceTree = "<group>"; };
		7BB9A96919D4C63600ACFE7B /* NLSDescriptorTitlesViewController.m */ = {isa = PBXFileReference; fileEncoding = 4; lastKnownFileType = sourcecode.c.objc; path = NLSDescriptorTitlesViewController.m; sourceTree = "<group>"; };
		7BB9A96A19D4C63600ACFE7B /* NLSDescriptorViewController.h */ = {isa = PBXFileReference; fileEncoding = 4; lastKnownFileType = sourcecode.c.h; path = NLSDescriptorViewController.h; sourceTree = "<group>"; };
		7BB9A96B19D4C63600ACFE7B /* NLSDescriptorViewController.m */ = {isa = PBXFileReference; fileEncoding = 4; lastKnownFileType = sourcecode.c.objc; path = NLSDescriptorViewController.m; sourceTree = "<group>"; };
		7BB9A96C19D4C63600ACFE7B /* NLSDetailViewController.h */ = {isa = PBXFileReference; fileEncoding = 4; lastKnownFileType = sourcecode.c.h; path = NLSDetailViewController.h; sourceTree = "<group>"; };
		7BB9A96D19D4C63600ACFE7B /* NLSDetailViewController.m */ = {isa = PBXFileReference; fileEncoding = 4; lastKnownFileType = sourcecode.c.objc; path = NLSDetailViewController.m; sourceTree = "<group>"; };
		7BB9A96E19D4C63600ACFE7B /* NLSFavoritesViewController.h */ = {isa = PBXFileReference; fileEncoding = 4; lastKnownFileType = sourcecode.c.h; path = NLSFavoritesViewController.h; sourceTree = "<group>"; };
		7BB9A96F19D4C63600ACFE7B /* NLSFavoritesViewController.m */ = {isa = PBXFileReference; fileEncoding = 4; lastKnownFileType = sourcecode.c.objc; path = NLSFavoritesViewController.m; sourceTree = "<group>"; };
		7BB9A97019D4C63600ACFE7B /* NLSJournalTitlesViewController.h */ = {isa = PBXFileReference; fileEncoding = 4; lastKnownFileType = sourcecode.c.h; path = NLSJournalTitlesViewController.h; sourceTree = "<group>"; };
		7BB9A97119D4C63600ACFE7B /* NLSJournalTitlesViewController.m */ = {isa = PBXFileReference; fileEncoding = 4; lastKnownFileType = sourcecode.c.objc; path = NLSJournalTitlesViewController.m; sourceTree = "<group>"; };
		7BB9A97219D4C63600ACFE7B /* NLSJournalViewController.h */ = {isa = PBXFileReference; fileEncoding = 4; lastKnownFileType = sourcecode.c.h; path = NLSJournalViewController.h; sourceTree = "<group>"; };
		7BB9A97319D4C63600ACFE7B /* NLSJournalViewController.m */ = {isa = PBXFileReference; fileEncoding = 4; lastKnownFileType = sourcecode.c.objc; path = NLSJournalViewController.m; sourceTree = "<group>"; };
		7BB9A97419D4C63600ACFE7B /* NLSSearchViewController.h */ = {isa = PBXFileReference; fileEncoding = 4; lastKnownFileType = sourcecode.c.h; path = NLSSearchViewController.h; sourceTree = "<group>"; };
		7BB9A97519D4C63600ACFE7B /* NLSSearchViewController.m */ = {isa = PBXFileReference; fileEncoding = 4; lastKnownFileType = sourcecode.c.objc; path = NLSSearchViewController.m; sourceTree = "<group>"; };
		7BB9A97619D4C63600ACFE7B /* NLSTableViewCell.h */ = {isa = PBXFileReference; fileEncoding = 4; lastKnownFileType = sourcecode.c.h; path = NLSTableViewCell.h; sourceTree = "<group>"; };
		7BB9A97719D4C63600ACFE7B /* NLSTableViewCell.m */ = {isa = PBXFileReference; fileEncoding = 4; lastKnownFileType = sourcecode.c.objc; path = NLSTableViewCell.m; sourceTree = "<group>"; };
		7BB9A97819D4C63600ACFE7B /* NLSTitleViewController.h */ = {isa = PBXFileReference; fileEncoding = 4; lastKnownFileType = sourcecode.c.h; path = NLSTitleViewController.h; sourceTree = "<group>"; };
		7BB9A97919D4C63600ACFE7B /* NLSTitleViewController.m */ = {isa = PBXFileReference; fileEncoding = 4; lastKnownFileType = sourcecode.c.objc; path = NLSTitleViewController.m; sourceTree = "<group>"; };
		7BC81FEF19ED8F5E009F4915 /* ema.sqlite */ = {isa = PBXFileReference; lastKnownFileType = file; path = ema.sqlite; sourceTree = "<group>"; };
		D5A6EAC5485F57DC634E6CD2 /* Pods.release.xcconfig */ = {isa = PBXFileReference; includeInIndex = 1; lastKnownFileType = text.xcconfig; name = Pods.release.xcconfig; path = "Pods/Target Support Files/Pods/Pods.release.xcconfig"; sourceTree = "<group>"; };
/* End PBXFileReference section */

/* Begin PBXFrameworksBuildPhase section */
		060BE1321946A814008FB3C5 /* Frameworks */ = {
			isa = PBXFrameworksBuildPhase;
			buildActionMask = 2147483647;
			files = (
				7B7C40E219D4DB440011331C /* libPods-AFNetworking.a in Frameworks */,
				7B7C40E319D4DB440011331C /* libPods-CCHLinkTextView.a in Frameworks */,
				7B7C40E419D4DB440011331C /* libPods-CRGradientNavigationBar.a in Frameworks */,
				7B7C40E519D4DB440011331C /* libPods-EDColor.a in Frameworks */,
				7B7C40E619D4DB440011331C /* libPods-FMDB.a in Frameworks */,
				7B7C40E719D4DB440011331C /* libPods-PBJActivityIndicator.a in Frameworks */,
				7B7C40E819D4DB440011331C /* libPods.a in Frameworks */,
				7B7C40BE19D4D5590011331C /* Foundation.framework in Frameworks */,
				060BE1741946D904008FB3C5 /* CoreGraphics.framework in Frameworks */,
				060BE1731946D8FC008FB3C5 /* SystemConfiguration.framework in Frameworks */,
				060BE1721946D8F4008FB3C5 /* UIKit.framework in Frameworks */,
			);
			runOnlyForDeploymentPostprocessing = 0;
		};
/* End PBXFrameworksBuildPhase section */

/* Begin PBXGroup section */
		060BE12C1946A814008FB3C5 = {
			isa = PBXGroup;
			children = (
				060BE1371946A814008FB3C5 /* App */,
				060BE16F1946D8D3008FB3C5 /* Frameworks */,
				060BE1361946A814008FB3C5 /* Products */,
				F28D3E52049AFF7A8FCC9A50 /* Pods */,
			);
			sourceTree = "<group>";
		};
		060BE1361946A814008FB3C5 /* Products */ = {
			isa = PBXGroup;
			children = (
				060BE1351946A814008FB3C5 /* Colleen's EMA.app */,
			);
			name = Products;
			sourceTree = "<group>";
		};
		060BE1371946A814008FB3C5 /* App */ = {
			isa = PBXGroup;
			children = (
				7BB9A91D19D4C63600ACFE7B /* App-Info.plist */,
				7BB9A91E19D4C63600ACFE7B /* App-Prefix.pch */,
				7BB9A91F19D4C63600ACFE7B /* Base.xcconfig */,
				7BB9A92019D4C63600ACFE7B /* Debug.xcconfig */,
				7BB9A95419D4C63600ACFE7B /* Release.xcconfig */,
				7BB9A92119D4C63600ACFE7B /* EMAConstants.h */,
				7BB9A96419D4C63600ACFE7B /* TODO.h */,
				7BB9A92219D4C63600ACFE7B /* InfoPlist.strings */,
				7BB9A92419D4C63600ACFE7B /* Icons */,
				7BB9A93619D4C63600ACFE7B /* Main */,
				7BB9A94219D4C63600ACFE7B /* Models */,
				7BB9A94B19D4C63600ACFE7B /* Queue */,
				7BB9A95519D4C63600ACFE7B /* Resources */,
				7BB9A95719D4C63600ACFE7B /* Sprites */,
				7BB9A96519D4C63600ACFE7B /* Views */,
			);
			path = App;
			sourceTree = "<group>";
		};
		060BE16F1946D8D3008FB3C5 /* Frameworks */ = {
			isa = PBXGroup;
			children = (
				7B7C40DB19D4DB440011331C /* libPods-AFNetworking.a */,
				7B7C40DC19D4DB440011331C /* libPods-CCHLinkTextView.a */,
				7B7C40DD19D4DB440011331C /* libPods-CRGradientNavigationBar.a */,
				7B7C40DE19D4DB440011331C /* libPods-EDColor.a */,
				7B7C40DF19D4DB440011331C /* libPods-FMDB.a */,
				7B7C40E019D4DB440011331C /* libPods-PBJActivityIndicator.a */,
				7B7C40E119D4DB440011331C /* libPods.a */,
				060BE1701946D8E7008FB3C5 /* Foundation.framework */,
				060BE16D1946D8C5008FB3C5 /* UIKit.framework */,
				060BE16B1946D8BD008FB3C5 /* CoreGraphics.framework */,
				060BE1691946D8B3008FB3C5 /* SystemConfiguration.framework */,
			);
			name = Frameworks;
			sourceTree = "<group>";
		};
		7BB9A92419D4C63600ACFE7B /* Icons */ = {
			isa = PBXGroup;
			children = (
				7B4E620B19E2F602004E90BD /* Images.xcassets */,
				7B584ED319D92117000D058F /* Default-568h@2x.png */,
				7B584ED419D92117000D058F /* Default.png */,
				7B584ED519D92117000D058F /* Default@2x.png */,
				7BB9A92819D4C63600ACFE7B /* Icon-60.png */,
				7BB9A92919D4C63600ACFE7B /* Icon-60@2x.png */,
				7BB9A92A19D4C63600ACFE7B /* Icon-72.png */,
				7BB9A92B19D4C63600ACFE7B /* Icon-72@2x.png */,
				7BB9A92C19D4C63600ACFE7B /* Icon-76.png */,
				7BB9A92D19D4C63600ACFE7B /* Icon-76@2x.png */,
				7BB9A92E19D4C63600ACFE7B /* Icon-Small-40.png */,
				7BB9A92F19D4C63600ACFE7B /* Icon-Small-40@2x.png */,
				7BB9A93019D4C63600ACFE7B /* Icon-Small-50.png */,
				7BB9A93119D4C63600ACFE7B /* Icon-Small-50@2x.png */,
				7BB9A93219D4C63600ACFE7B /* Icon-Small.png */,
				7BB9A93319D4C63600ACFE7B /* Icon-Small@2x.png */,
				7BB9A93419D4C63600ACFE7B /* Icon.png */,
				7BB9A93519D4C63600ACFE7B /* Icon@2x.png */,
			);
			path = Icons;
			sourceTree = "<group>";
		};
		7BB9A93619D4C63600ACFE7B /* Main */ = {
			isa = PBXGroup;
			children = (
				7BB9A93719D4C63600ACFE7B /* main.m */,
				7BB9A93819D4C63600ACFE7B /* NLSAppDelegate.h */,
				7BB9A93919D4C63600ACFE7B /* NLSAppDelegate.m */,
				7BB9A93A19D4C63600ACFE7B /* NLSButton.h */,
				7BB9A93B19D4C63600ACFE7B /* NLSButton.m */,
				7BB9A93C19D4C63600ACFE7B /* NLSFoundationExtras.h */,
				7BB9A93D19D4C63600ACFE7B /* NLSFoundationExtras.m */,
				7BB9A94019D4C63600ACFE7B /* NLSUIKitExtras.h */,
				7BB9A94119D4C63600ACFE7B /* NLSUIKitExtras.m */,
			);
			path = Main;
			sourceTree = "<group>";
		};
		7BB9A94219D4C63600ACFE7B /* Models */ = {
			isa = PBXGroup;
			children = (
				7BB9A94319D4C63600ACFE7B /* NLSDescriptorModel.h */,
				7BB9A94419D4C63600ACFE7B /* NLSDescriptorModel.m */,
				7BB9A94519D4C63600ACFE7B /* NLSDetailModel.h */,
				7BB9A94619D4C63600ACFE7B /* NLSDetailModel.m */,
				7BB9A94719D4C63600ACFE7B /* NLSJournalModel.h */,
				7BB9A94819D4C63600ACFE7B /* NLSJournalModel.m */,
				7BB9A94919D4C63600ACFE7B /* NLSTitleModel.h */,
				7BB9A94A19D4C63600ACFE7B /* NLSTitleModel.m */,
				7B5CDA5F1A0D6DB4005099C0 /* NLSSQLCount.h */,
				7B5CDA601A0D6DB4005099C0 /* NLSSQLCount.m */,
			);
			path = Models;
			sourceTree = "<group>";
		};
		7BB9A94B19D4C63600ACFE7B /* Queue */ = {
			isa = PBXGroup;
			children = (
				7BB9A94E19D4C63600ACFE7B /* NLSSQLAPI.h */,
				7BB9A94F19D4C63600ACFE7B /* NLSSQLAPI.m */,
				7BB9A95019D4C63600ACFE7B /* NLSPendingOperations.h */,
				7BB9A95119D4C63600ACFE7B /* NLSPendingOperations.m */,
				7B5CDA621A0D81E2005099C0 /* NLSQuery.h */,
				7B5CDA631A0D81E2005099C0 /* NLSQuery.m */,
				7B1528071A1A735000F0F871 /* NLSTMQuery.h */,
				7B1528081A1A735000F0F871 /* NLSTMQuery.m */,
			);
			path = Queue;
			sourceTree = "<group>";
		};
		7BB9A95519D4C63600ACFE7B /* Resources */ = {
			isa = PBXGroup;
			children = (
				7BC81FEF19ED8F5E009F4915 /* ema.sqlite */,
			);
			path = Resources;
			sourceTree = "<group>";
		};
		7BB9A95719D4C63600ACFE7B /* Sprites */ = {
			isa = PBXGroup;
			children = (
				7BB9A95819D4C63600ACFE7B /* About-50@2x.png */,
				7BB9A95919D4C63600ACFE7B /* About-selected-50@2x.png */,
				7BB9A95A19D4C63600ACFE7B /* Descriptors-50@2x.png */,
				7BB9A95B19D4C63600ACFE7B /* Descriptors-selected-50@2x.png */,
				7BB9A95C19D4C63600ACFE7B /* Document-50@2x.png */,
				7BB9A95D19D4C63600ACFE7B /* Document-selected-50@2x.png */,
				7BB9A95E19D4C63600ACFE7B /* Favorites-50@2x.png */,
				7BB9A95F19D4C63600ACFE7B /* Favorites-selected-50@2x.png */,
				7BB9A96019D4C63600ACFE7B /* FavoritesHighlighted-50@2x.png */,
				7BB9A96119D4C63600ACFE7B /* Journals-50@2x.png */,
				7BB9A96219D4C63600ACFE7B /* Journals-selected-50@2x.png */,
				7BB9A96319D4C63600ACFE7B /* Share-50@2x.png */,
				7B11D7961A080A650069D7A1 /* Images.xcassets */,
			);
			path = Sprites;
			sourceTree = "<group>";
		};
		7BB9A96519D4C63600ACFE7B /* Views */ = {
			isa = PBXGroup;
			children = (
				7BB9A97819D4C63600ACFE7B /* NLSTitleViewController.h */,
				7BB9A97919D4C63600ACFE7B /* NLSTitleViewController.m */,
				7BB9A96619D4C63600ACFE7B /* NLSAboutViewController.h */,
				7BB9A96719D4C63600ACFE7B /* NLSAboutViewController.m */,
				7BB9A96819D4C63600ACFE7B /* NLSDescriptorTitlesViewController.h */,
				7BB9A96919D4C63600ACFE7B /* NLSDescriptorTitlesViewController.m */,
				7BB9A96A19D4C63600ACFE7B /* NLSDescriptorViewController.h */,
				7BB9A96B19D4C63600ACFE7B /* NLSDescriptorViewController.m */,
				7BB9A96C19D4C63600ACFE7B /* NLSDetailViewController.h */,
				7BB9A96D19D4C63600ACFE7B /* NLSDetailViewController.m */,
				7BB9A96E19D4C63600ACFE7B /* NLSFavoritesViewController.h */,
				7BB9A96F19D4C63600ACFE7B /* NLSFavoritesViewController.m */,
				7BB9A97019D4C63600ACFE7B /* NLSJournalTitlesViewController.h */,
				7BB9A97119D4C63600ACFE7B /* NLSJournalTitlesViewController.m */,
				7BB9A97219D4C63600ACFE7B /* NLSJournalViewController.h */,
				7BB9A97319D4C63600ACFE7B /* NLSJournalViewController.m */,
				7BB9A97419D4C63600ACFE7B /* NLSSearchViewController.h */,
				7BB9A97519D4C63600ACFE7B /* NLSSearchViewController.m */,
				7BB9A97619D4C63600ACFE7B /* NLSTableViewCell.h */,
				7BB9A97719D4C63600ACFE7B /* NLSTableViewCell.m */,
				7B911F5D1A003ED100C56815 /* NLSBaseTableViewController.h */,
				7B911F5E1A003ED100C56815 /* NLSBaseTableViewController.m */,
				7B65DEFE1A041225006814E7 /* NLSTableView.h */,
				7B65DEFF1A041225006814E7 /* NLSTableView.m */,
				7B444ADF1A07EF2800A7D869 /* NLSAutoSizeTextview.h */,
				7B444AE01A07EF2800A7D869 /* NLSAutoSizeTextview.m */,
			);
			path = Views;
			sourceTree = "<group>";
		};
		F28D3E52049AFF7A8FCC9A50 /* Pods */ = {
			isa = PBXGroup;
			children = (
				D5A6EAC5485F57DC634E6CD2 /* Pods.release.xcconfig */,
				12F69A799D6A3CD86D4EDD8F /* Pods.debug.xcconfig */,
			);
			name = Pods;
			sourceTree = "<group>";
		};
/* End PBXGroup section */

/* Begin PBXNativeTarget section */
		060BE1341946A814008FB3C5 /* App */ = {
			isa = PBXNativeTarget;
			buildConfigurationList = 060BE1551946A814008FB3C5 /* Build configuration list for PBXNativeTarget "App" */;
			buildPhases = (
				0D70FD82EF3A40A4AEDC3D21 /* Check Pods Manifest.lock */,
				060BE1311946A814008FB3C5 /* Sources */,
				060BE1321946A814008FB3C5 /* Frameworks */,
				060BE1331946A814008FB3C5 /* Resources */,
				A2093E5F4EA14FB183DA6BFB /* Copy Pods Resources */,
			);
			buildRules = (
			);
			dependencies = (
			);
			name = App;
			productName = App;
			productReference = 060BE1351946A814008FB3C5 /* Colleen's EMA.app */;
			productType = "com.apple.product-type.application";
		};
/* End PBXNativeTarget section */

/* Begin PBXProject section */
		060BE12D1946A814008FB3C5 /* Project object */ = {
			isa = PBXProject;
			attributes = {
				CLASSPREFIX = NLS;
				LastUpgradeCheck = 0610;
				ORGANIZATIONNAME = "Colleen's";
				TargetAttributes = {
					060BE1341946A814008FB3C5 = {
						CreatedOnToolsVersion = 6.0;
						DevelopmentTeam = B4N5M6952G;
					};
				};
			};
			buildConfigurationList = 060BE1301946A814008FB3C5 /* Build configuration list for PBXProject "App" */;
			compatibilityVersion = "Xcode 3.2";
			developmentRegion = English;
			hasScannedForEncodings = 0;
			knownRegions = (
				en,
			);
			mainGroup = 060BE12C1946A814008FB3C5;
			productRefGroup = 060BE1361946A814008FB3C5 /* Products */;
			projectDirPath = "";
			projectRoot = "";
			targets = (
				060BE1341946A814008FB3C5 /* App */,
			);
		};
/* End PBXProject section */

/* Begin PBXResourcesBuildPhase section */
		060BE1331946A814008FB3C5 /* Resources */ = {
			isa = PBXResourcesBuildPhase;
			buildActionMask = 2147483647;
			files = (
				7BB9A98819D4C63600ACFE7B /* Icon-Small-40@2x.png in Resources */,
				7B4E620C19E2F602004E90BD /* Images.xcassets in Resources */,
				7BB9A9A919D4C63600ACFE7B /* Journals-selected-50@2x.png in Resources */,
				7BB9A98119D4C63600ACFE7B /* Icon-60.png in Resources */,
				7BB9A9A519D4C63600ACFE7B /* Favorites-50@2x.png in Resources */,
				7BB9A9A419D4C63600ACFE7B /* Document-selected-50@2x.png in Resources */,
				7BB9A9A719D4C63600ACFE7B /* FavoritesHighlighted-50@2x.png in Resources */,
				7BB9A98219D4C63600ACFE7B /* Icon-60@2x.png in Resources */,
				7BB9A98B19D4C63600ACFE7B /* Icon-Small.png in Resources */,
				7B584ED719D92117000D058F /* Default.png in Resources */,
				7BB9A98D19D4C63600ACFE7B /* Icon.png in Resources */,
				7BB9A98619D4C63600ACFE7B /* Icon-76@2x.png in Resources */,
				7BB9A98519D4C63600ACFE7B /* Icon-76.png in Resources */,
				7B584ED619D92117000D058F /* Default-568h@2x.png in Resources */,
				7BB9A98719D4C63600ACFE7B /* Icon-Small-40.png in Resources */,
				7B11D7971A080A650069D7A1 /* Images.xcassets in Resources */,
				7BB9A9A119D4C63600ACFE7B /* Descriptors-50@2x.png in Resources */,
				7BB9A98319D4C63600ACFE7B /* Icon-72.png in Resources */,
				7BB9A99F19D4C63600ACFE7B /* About-50@2x.png in Resources */,
				7BB9A9AA19D4C63600ACFE7B /* Share-50@2x.png in Resources */,
				7BB9A9A319D4C63600ACFE7B /* Document-50@2x.png in Resources */,
				7BB9A9A219D4C63600ACFE7B /* Descriptors-selected-50@2x.png in Resources */,
				7BB9A9A019D4C63600ACFE7B /* About-selected-50@2x.png in Resources */,
				7BB9A97D19D4C63600ACFE7B /* InfoPlist.strings in Resources */,
				7BB9A98A19D4C63600ACFE7B /* Icon-Small-50@2x.png in Resources */,
				7B584ED819D92117000D058F /* Default@2x.png in Resources */,
				7BB9A98919D4C63600ACFE7B /* Icon-Small-50.png in Resources */,
				7BC81FF019ED8F5E009F4915 /* ema.sqlite in Resources */,
				7BB9A98C19D4C63600ACFE7B /* Icon-Small@2x.png in Resources */,
				7BB9A9A619D4C63600ACFE7B /* Favorites-selected-50@2x.png in Resources */,
				7BB9A98E19D4C63600ACFE7B /* Icon@2x.png in Resources */,
				7BB9A98419D4C63600ACFE7B /* Icon-72@2x.png in Resources */,
				7BB9A9A819D4C63600ACFE7B /* Journals-50@2x.png in Resources */,
			);
			runOnlyForDeploymentPostprocessing = 0;
		};
/* End PBXResourcesBuildPhase section */

/* Begin PBXShellScriptBuildPhase section */
		0D70FD82EF3A40A4AEDC3D21 /* Check Pods Manifest.lock */ = {
			isa = PBXShellScriptBuildPhase;
			buildActionMask = 2147483647;
			files = (
			);
			inputPaths = (
			);
			name = "Check Pods Manifest.lock";
			outputPaths = (
			);
			runOnlyForDeploymentPostprocessing = 0;
			shellPath = /bin/sh;
			shellScript = "diff \"${PODS_ROOT}/../Podfile.lock\" \"${PODS_ROOT}/Manifest.lock\" > /dev/null\nif [[ $? != 0 ]] ; then\n    cat << EOM\nerror: The sandbox is not in sync with the Podfile.lock. Run 'pod install' or update your CocoaPods installation.\nEOM\n    exit 1\nfi\n";
			showEnvVarsInLog = 0;
		};
		A2093E5F4EA14FB183DA6BFB /* Copy Pods Resources */ = {
			isa = PBXShellScriptBuildPhase;
			buildActionMask = 2147483647;
			files = (
			);
			inputPaths = (
			);
			name = "Copy Pods Resources";
			outputPaths = (
			);
			runOnlyForDeploymentPostprocessing = 0;
			shellPath = /bin/sh;
			shellScript = "\"${SRCROOT}/Pods/Target Support Files/Pods/Pods-resources.sh\"\n";
			showEnvVarsInLog = 0;
		};
/* End PBXShellScriptBuildPhase section */

/* Begin PBXSourcesBuildPhase section */
		060BE1311946A814008FB3C5 /* Sources */ = {
			isa = PBXSourcesBuildPhase;
			buildActionMask = 2147483647;
			files = (
				7B911F5F1A003ED100C56815 /* NLSBaseTableViewController.m in Sources */,
				7BB9A98F19D4C63600ACFE7B /* main.m in Sources */,
				7BB9A9B219D4C63600ACFE7B /* NLSSearchViewController.m in Sources */,
				7BB9A9AF19D4C63600ACFE7B /* NLSFavoritesViewController.m in Sources */,
				7BB9A9B119D4C63600ACFE7B /* NLSJournalViewController.m in Sources */,
				7B1528091A1A735000F0F871 /* NLSTMQuery.m in Sources */,
				7BB9A9AE19D4C63600ACFE7B /* NLSDetailViewController.m in Sources */,
				7BB9A99B19D4C63600ACFE7B /* NLSPendingOperations.m in Sources */,
				7BB9A9AB19D4C63600ACFE7B /* NLSAboutViewController.m in Sources */,
				7B5CDA611A0D6DB4005099C0 /* NLSSQLCount.m in Sources */,
				7B65DF001A041225006814E7 /* NLSTableView.m in Sources */,
				7BB9A99119D4C63600ACFE7B /* NLSButton.m in Sources */,
				7BB9A9B419D4C63600ACFE7B /* NLSTitleViewController.m in Sources */,
				7BB9A99A19D4C63600ACFE7B /* NLSSQLAPI.m in Sources */,
				7B444AE11A07EF2800A7D869 /* NLSAutoSizeTextview.m in Sources */,
				7BB9A9AD19D4C63600ACFE7B /* NLSDescriptorViewController.m in Sources */,
				7BB9A9B319D4C63600ACFE7B /* NLSTableViewCell.m in Sources */,
				7BB9A99519D4C63600ACFE7B /* NLSDescriptorModel.m in Sources */,
				7BB9A99419D4C63600ACFE7B /* NLSUIKitExtras.m in Sources */,
				7BB9A9AC19D4C63600ACFE7B /* NLSDescriptorTitlesViewController.m in Sources */,
				7BB9A99219D4C63600ACFE7B /* NLSFoundationExtras.m in Sources */,
				7BB9A99019D4C63600ACFE7B /* NLSAppDelegate.m in Sources */,
				7BB9A99719D4C63600ACFE7B /* NLSJournalModel.m in Sources */,
				7B5CDA641A0D81E2005099C0 /* NLSQuery.m in Sources */,
				7BB9A99819D4C63600ACFE7B /* NLSTitleModel.m in Sources */,
				7BB9A99619D4C63600ACFE7B /* NLSDetailModel.m in Sources */,
				7BB9A9B019D4C63600ACFE7B /* NLSJournalTitlesViewController.m in Sources */,
			);
			runOnlyForDeploymentPostprocessing = 0;
		};
/* End PBXSourcesBuildPhase section */

/* Begin PBXVariantGroup section */
		7BB9A92219D4C63600ACFE7B /* InfoPlist.strings */ = {
			isa = PBXVariantGroup;
			children = (
				7BB9A92319D4C63600ACFE7B /* en */,
			);
			name = InfoPlist.strings;
			sourceTree = "<group>";
		};
/* End PBXVariantGroup section */

/* Begin XCBuildConfiguration section */
		060BE1541946A814008FB3C5 /* Release */ = {
			isa = XCBuildConfiguration;
			baseConfigurationReference = D5A6EAC5485F57DC634E6CD2 /* Pods.release.xcconfig */;
			buildSettings = {
				CLANG_ENABLE_MODULES = YES;
				CODE_SIGN_IDENTITY = "";
				"CODE_SIGN_IDENTITY[sdk=iphoneos*]" = "";
				IPHONEOS_DEPLOYMENT_TARGET = 7.0;
				ONLY_ACTIVE_ARCH = NO;
				PRODUCT_NAME = "Colleen's EMA";
				PROVISIONING_PROFILE = "35b73f02-5012-4119-ac49-f112635e5ec3";
				SDKROOT = iphoneos;
				USER_HEADER_SEARCH_PATHS = "";
				VALIDATE_PRODUCT = YES;
			};
			name = Release;
		};
		060BE1571946A814008FB3C5 /* Release */ = {
			isa = XCBuildConfiguration;
			baseConfigurationReference = D5A6EAC5485F57DC634E6CD2 /* Pods.release.xcconfig */;
			buildSettings = {
				ASSETCATALOG_COMPILER_APPICON_NAME = AppIcon;
				ASSETCATALOG_COMPILER_LAUNCHIMAGE_NAME = LaunchImage;
				CODE_SIGN_IDENTITY = "iPhone Developer";
				"CODE_SIGN_IDENTITY[sdk=iphoneos*]" = "iPhone Developer";
				COPY_PHASE_STRIP = NO;
				GCC_PREFIX_HEADER = "App/App-Prefix.pch";
				INFOPLIST_FILE = "App/App-Info.plist";
				IPHONEOS_DEPLOYMENT_TARGET = 7.0;
				LIBRARY_SEARCH_PATHS = "";
				ONLY_ACTIVE_ARCH = NO;
				PROVISIONING_PROFILE = "";
				PUBLIC_HEADERS_FOLDER_PATH = "$(CONTENTS_FOLDER_PATH)/Headers";
				TARGETED_DEVICE_FAMILY = "1,2";
				USER_HEADER_SEARCH_PATHS = "";
			};
			name = Release;
		};
		7B7C40EB19D4E5990011331C /* Debug */ = {
			isa = XCBuildConfiguration;
			baseConfigurationReference = 12F69A799D6A3CD86D4EDD8F /* Pods.debug.xcconfig */;
			buildSettings = {
				CLANG_ENABLE_MODULES = YES;
				CODE_SIGN_IDENTITY = "";
				"CODE_SIGN_IDENTITY[sdk=iphoneos*]" = "";
				IPHONEOS_DEPLOYMENT_TARGET = 7.0;
				ONLY_ACTIVE_ARCH = YES;
				PRODUCT_NAME = "Colleen's EMA";
				PROVISIONING_PROFILE = "35b73f02-5012-4119-ac49-f112635e5ec3";
				SDKROOT = iphoneos;
				USER_HEADER_SEARCH_PATHS = "";
				VALIDATE_PRODUCT = YES;
			};
			name = Debug;
		};
		7B7C40EC19D4E5990011331C /* Debug */ = {
			isa = XCBuildConfiguration;
			baseConfigurationReference = 12F69A799D6A3CD86D4EDD8F /* Pods.debug.xcconfig */;
			buildSettings = {
				ASSETCATALOG_COMPILER_APPICON_NAME = AppIcon;
				ASSETCATALOG_COMPILER_LAUNCHIMAGE_NAME = LaunchImage;
				CODE_SIGN_IDENTITY = "iPhone Developer";
				"CODE_SIGN_IDENTITY[sdk=iphoneos*]" = "iPhone Developer";
				COPY_PHASE_STRIP = NO;
				GCC_PREFIX_HEADER = "App/App-Prefix.pch";
				GCC_PREPROCESSOR_DEFINITIONS = (
					"$(inherited)",
					"COCOAPODS=1",
					"DEBUG=1",
				);
				INFOPLIST_FILE = "App/App-Info.plist";
				IPHONEOS_DEPLOYMENT_TARGET = 7.0;
				LIBRARY_SEARCH_PATHS = "";
				ONLY_ACTIVE_ARCH = NO;
				PROVISIONING_PROFILE = "";
				PUBLIC_HEADERS_FOLDER_PATH = "$(CONTENTS_FOLDER_PATH)/Headers";
				TARGETED_DEVICE_FAMILY = "1,2";
				USER_HEADER_SEARCH_PATHS = "";
			};
			name = Debug;
		};
/* End XCBuildConfiguration section */

/* Begin XCConfigurationList section */
		060BE1301946A814008FB3C5 /* Build configuration list for PBXProject "App" */ = {
			isa = XCConfigurationList;
			buildConfigurations = (
				060BE1541946A814008FB3C5 /* Release */,
				7B7C40EB19D4E5990011331C /* Debug */,
			);
			defaultConfigurationIsVisible = 0;
			defaultConfigurationName = Release;
		};
		060BE1551946A814008FB3C5 /* Build configuration list for PBXNativeTarget "App" */ = {
			isa = XCConfigurationList;
			buildConfigurations = (
				060BE1571946A814008FB3C5 /* Release */,
				7B7C40EC19D4E5990011331C /* Debug */,
			);
			defaultConfigurationIsVisible = 0;
			defaultConfigurationName = Release;
		};
/* End XCConfigurationList section */
	};
	rootObject = 060BE12D1946A814008FB3C5 /* Project object */;
}
